// !$*UTF8*$!
{
	archiveVersion = 1;
	classes = {
	};
	objectVersion = 56;
	objects = {

/* Begin PBXBuildFile section */
		C204B12D28FD9AF8004FE059 /* AppDelegate.swift in Sources */ = {isa = PBXBuildFile; fileRef = C204B12C28FD9AF8004FE059 /* AppDelegate.swift */; };
		C204B12F28FD9AF8004FE059 /* SceneDelegate.swift in Sources */ = {isa = PBXBuildFile; fileRef = C204B12E28FD9AF8004FE059 /* SceneDelegate.swift */; };
		C204B13128FD9AF8004FE059 /* ViewController.swift in Sources */ = {isa = PBXBuildFile; fileRef = C204B13028FD9AF8004FE059 /* ViewController.swift */; };
		C204B13428FD9AF8004FE059 /* Main.storyboard in Resources */ = {isa = PBXBuildFile; fileRef = C204B13228FD9AF8004FE059 /* Main.storyboard */; };
		C204B13628FD9AFA004FE059 /* Assets.xcassets in Resources */ = {isa = PBXBuildFile; fileRef = C204B13528FD9AFA004FE059 /* Assets.xcassets */; };
		C204B13928FD9AFA004FE059 /* LaunchScreen.storyboard in Resources */ = {isa = PBXBuildFile; fileRef = C204B13728FD9AFA004FE059 /* LaunchScreen.storyboard */; };
		C204B14428FD9AFA004FE059 /* introToScrollViewsTests.swift in Sources */ = {isa = PBXBuildFile; fileRef = C204B14328FD9AFA004FE059 /* introToScrollViewsTests.swift */; };
		C204B14E28FD9AFA004FE059 /* introToScrollViewsUITests.swift in Sources */ = {isa = PBXBuildFile; fileRef = C204B14D28FD9AFA004FE059 /* introToScrollViewsUITests.swift */; };
		C204B15028FD9AFA004FE059 /* introToScrollViewsUITestsLaunchTests.swift in Sources */ = {isa = PBXBuildFile; fileRef = C204B14F28FD9AFA004FE059 /* introToScrollViewsUITestsLaunchTests.swift */; };
/* End PBXBuildFile section */

/* Begin PBXContainerItemProxy section */
		C204B14028FD9AFA004FE059 /* PBXContainerItemProxy */ = {
			isa = PBXContainerItemProxy;
			containerPortal = C204B12128FD9AF8004FE059 /* Project object */;
			proxyType = 1;
			remoteGlobalIDString = C204B12828FD9AF8004FE059;
			remoteInfo = introToScrollViews;
		};
		C204B14A28FD9AFA004FE059 /* PBXContainerItemProxy */ = {
			isa = PBXContainerItemProxy;
			containerPortal = C204B12128FD9AF8004FE059 /* Project object */;
			proxyType = 1;
			remoteGlobalIDString = C204B12828FD9AF8004FE059;
			remoteInfo = introToScrollViews;
		};
/* End PBXContainerItemProxy section */

/* Begin PBXFileReference section */
		C204B12928FD9AF8004FE059 /* introToScrollViews.app */ = {isa = PBXFileReference; explicitFileType = wrapper.application; includeInIndex = 0; path = introToScrollViews.app; sourceTree = BUILT_PRODUCTS_DIR; };
		C204B12C28FD9AF8004FE059 /* AppDelegate.swift */ = {isa = PBXFileReference; lastKnownFileType = sourcecode.swift; path = AppDelegate.swift; sourceTree = "<group>"; };
		C204B12E28FD9AF8004FE059 /* SceneDelegate.swift */ = {isa = PBXFileReference; lastKnownFileType = sourcecode.swift; path = SceneDelegate.swift; sourceTree = "<group>"; };
		C204B13028FD9AF8004FE059 /* ViewController.swift */ = {isa = PBXFileReference; lastKnownFileType = sourcecode.swift; path = ViewController.swift; sourceTree = "<group>"; };
		C204B13328FD9AF8004FE059 /* Base */ = {isa = PBXFileReference; lastKnownFileType = file.storyboard; name = Base; path = Base.lproj/Main.storyboard; sourceTree = "<group>"; };
		C204B13528FD9AFA004FE059 /* Assets.xcassets */ = {isa = PBXFileReference; lastKnownFileType = folder.assetcatalog; path = Assets.xcassets; sourceTree = "<group>"; };
		C204B13828FD9AFA004FE059 /* Base */ = {isa = PBXFileReference; lastKnownFileType = file.storyboard; name = Base; path = Base.lproj/LaunchScreen.storyboard; sourceTree = "<group>"; };
		C204B13A28FD9AFA004FE059 /* Info.plist */ = {isa = PBXFileReference; lastKnownFileType = text.plist.xml; path = Info.plist; sourceTree = "<group>"; };
		C204B13F28FD9AFA004FE059 /* introToScrollViewsTests.xctest */ = {isa = PBXFileReference; explicitFileType = wrapper.cfbundle; includeInIndex = 0; path = introToScrollViewsTests.xctest; sourceTree = BUILT_PRODUCTS_DIR; };
		C204B14328FD9AFA004FE059 /* introToScrollViewsTests.swift */ = {isa = PBXFileReference; lastKnownFileType = sourcecode.swift; path = introToScrollViewsTests.swift; sourceTree = "<group>"; };
		C204B14928FD9AFA004FE059 /* introToScrollViewsUITests.xctest */ = {isa = PBXFileReference; explicitFileType = wrapper.cfbundle; includeInIndex = 0; path = introToScrollViewsUITests.xctest; sourceTree = BUILT_PRODUCTS_DIR; };
		C204B14D28FD9AFA004FE059 /* introToScrollViewsUITests.swift */ = {isa = PBXFileReference; lastKnownFileType = sourcecode.swift; path = introToScrollViewsUITests.swift; sourceTree = "<group>"; };
		C204B14F28FD9AFA004FE059 /* introToScrollViewsUITestsLaunchTests.swift */ = {isa = PBXFileReference; lastKnownFileType = sourcecode.swift; path = introToScrollViewsUITestsLaunchTests.swift; sourceTree = "<group>"; };
/* End PBXFileReference section */

/* Begin PBXFrameworksBuildPhase section */
		C204B12628FD9AF8004FE059 /* Frameworks */ = {
			isa = PBXFrameworksBuildPhase;
			buildActionMask = 2147483647;
			files = (
			);
			runOnlyForDeploymentPostprocessing = 0;
		};
		C204B13C28FD9AFA004FE059 /* Frameworks */ = {
			isa = PBXFrameworksBuildPhase;
			buildActionMask = 2147483647;
			files = (
			);
			runOnlyForDeploymentPostprocessing = 0;
		};
		C204B14628FD9AFA004FE059 /* Frameworks */ = {
			isa = PBXFrameworksBuildPhase;
			buildActionMask = 2147483647;
			files = (
			);
			runOnlyForDeploymentPostprocessing = 0;
		};
/* End PBXFrameworksBuildPhase section */

/* Begin PBXGroup section */
		C204B12028FD9AF8004FE059 = {
			isa = PBXGroup;
			children = (
				C204B12B28FD9AF8004FE059 /* introToScrollViews */,
				C204B14228FD9AFA004FE059 /* introToScrollViewsTests */,
				C204B14C28FD9AFA004FE059 /* introToScrollViewsUITests */,
				C204B12A28FD9AF8004FE059 /* Products */,
			);
			sourceTree = "<group>";
		};
		C204B12A28FD9AF8004FE059 /* Products */ = {
			isa = PBXGroup;
			children = (
				C204B12928FD9AF8004FE059 /* introToScrollViews.app */,
				C204B13F28FD9AFA004FE059 /* introToScrollViewsTests.xctest */,
				C204B14928FD9AFA004FE059 /* introToScrollViewsUITests.xctest */,
			);
			name = Products;
			sourceTree = "<group>";
		};
		C204B12B28FD9AF8004FE059 /* introToScrollViews */ = {
			isa = PBXGroup;
			children = (
				C204B12C28FD9AF8004FE059 /* AppDelegate.swift */,
				C204B12E28FD9AF8004FE059 /* SceneDelegate.swift */,
				C204B13028FD9AF8004FE059 /* ViewController.swift */,
				C204B13228FD9AF8004FE059 /* Main.storyboard */,
				C204B13528FD9AFA004FE059 /* Assets.xcassets */,
				C204B13728FD9AFA004FE059 /* LaunchScreen.storyboard */,
				C204B13A28FD9AFA004FE059 /* Info.plist */,
			);
			path = introToScrollViews;
			sourceTree = "<group>";
		};
		C204B14228FD9AFA004FE059 /* introToScrollViewsTests */ = {
			isa = PBXGroup;
			children = (
				C204B14328FD9AFA004FE059 /* introToScrollViewsTests.swift */,
			);
			path = introToScrollViewsTests;
			sourceTree = "<group>";
		};
		C204B14C28FD9AFA004FE059 /* introToScrollViewsUITests */ = {
			isa = PBXGroup;
			children = (
				C204B14D28FD9AFA004FE059 /* introToScrollViewsUITests.swift */,
				C204B14F28FD9AFA004FE059 /* introToScrollViewsUITestsLaunchTests.swift */,
			);
			path = introToScrollViewsUITests;
			sourceTree = "<group>";
		};
/* End PBXGroup section */

/* Begin PBXNativeTarget section */
		C204B12828FD9AF8004FE059 /* introToScrollViews */ = {
			isa = PBXNativeTarget;
			buildConfigurationList = C204B15328FD9AFA004FE059 /* Build configuration list for PBXNativeTarget "introToScrollViews" */;
			buildPhases = (
				C204B12528FD9AF8004FE059 /* Sources */,
				C204B12628FD9AF8004FE059 /* Frameworks */,
				C204B12728FD9AF8004FE059 /* Resources */,
			);
			buildRules = (
			);
			dependencies = (
			);
			name = introToScrollViews;
			productName = introToScrollViews;
			productReference = C204B12928FD9AF8004FE059 /* introToScrollViews.app */;
			productType = "com.apple.product-type.application";
		};
		C204B13E28FD9AFA004FE059 /* introToScrollViewsTests */ = {
			isa = PBXNativeTarget;
			buildConfigurationList = C204B15628FD9AFA004FE059 /* Build configuration list for PBXNativeTarget "introToScrollViewsTests" */;
			buildPhases = (
				C204B13B28FD9AFA004FE059 /* Sources */,
				C204B13C28FD9AFA004FE059 /* Frameworks */,
				C204B13D28FD9AFA004FE059 /* Resources */,
			);
			buildRules = (
			);
			dependencies = (
				C204B14128FD9AFA004FE059 /* PBXTargetDependency */,
			);
			name = introToScrollViewsTests;
			productName = introToScrollViewsTests;
			productReference = C204B13F28FD9AFA004FE059 /* introToScrollViewsTests.xctest */;
			productType = "com.apple.product-type.bundle.unit-test";
		};
		C204B14828FD9AFA004FE059 /* introToScrollViewsUITests */ = {
			isa = PBXNativeTarget;
			buildConfigurationList = C204B15928FD9AFA004FE059 /* Build configuration list for PBXNativeTarget "introToScrollViewsUITests" */;
			buildPhases = (
				C204B14528FD9AFA004FE059 /* Sources */,
				C204B14628FD9AFA004FE059 /* Frameworks */,
				C204B14728FD9AFA004FE059 /* Resources */,
			);
			buildRules = (
			);
			dependencies = (
				C204B14B28FD9AFA004FE059 /* PBXTargetDependency */,
			);
			name = introToScrollViewsUITests;
			productName = introToScrollViewsUITests;
			productReference = C204B14928FD9AFA004FE059 /* introToScrollViewsUITests.xctest */;
			productType = "com.apple.product-type.bundle.ui-testing";
		};
/* End PBXNativeTarget section */

/* Begin PBXProject section */
		C204B12128FD9AF8004FE059 /* Project object */ = {
			isa = PBXProject;
			attributes = {
				BuildIndependentTargetsInParallel = 1;
				LastSwiftUpdateCheck = 1400;
				LastUpgradeCheck = 1400;
				TargetAttributes = {
					C204B12828FD9AF8004FE059 = {
						CreatedOnToolsVersion = 14.0.1;
					};
					C204B13E28FD9AFA004FE059 = {
						CreatedOnToolsVersion = 14.0.1;
						TestTargetID = C204B12828FD9AF8004FE059;
					};
					C204B14828FD9AFA004FE059 = {
						CreatedOnToolsVersion = 14.0.1;
						TestTargetID = C204B12828FD9AF8004FE059;
					};
				};
			};
			buildConfigurationList = C204B12428FD9AF8004FE059 /* Build configuration list for PBXProject "introToScrollViews" */;
			compatibilityVersion = "Xcode 14.0";
			developmentRegion = en;
			hasScannedForEncodings = 0;
			knownRegions = (
				en,
				Base,
			);
			mainGroup = C204B12028FD9AF8004FE059;
			productRefGroup = C204B12A28FD9AF8004FE059 /* Products */;
			projectDirPath = "";
			projectRoot = "";
			targets = (
				C204B12828FD9AF8004FE059 /* introToScrollViews */,
				C204B13E28FD9AFA004FE059 /* introToScrollViewsTests */,
				C204B14828FD9AFA004FE059 /* introToScrollViewsUITests */,
			);
		};
/* End PBXProject section */

/* Begin PBXResourcesBuildPhase section */
		C204B12728FD9AF8004FE059 /* Resources */ = {
			isa = PBXResourcesBuildPhase;
			buildActionMask = 2147483647;
			files = (
				C204B13928FD9AFA004FE059 /* LaunchScreen.storyboard in Resources */,
				C204B13628FD9AFA004FE059 /* Assets.xcassets in Resources */,
				C204B13428FD9AF8004FE059 /* Main.storyboard in Resources */,
			);
			runOnlyForDeploymentPostprocessing = 0;
		};
		C204B13D28FD9AFA004FE059 /* Resources */ = {
			isa = PBXResourcesBuildPhase;
			buildActionMask = 2147483647;
			files = (
			);
			runOnlyForDeploymentPostprocessing = 0;
		};
		C204B14728FD9AFA004FE059 /* Resources */ = {
			isa = PBXResourcesBuildPhase;
			buildActionMask = 2147483647;
			files = (
			);
			runOnlyForDeploymentPostprocessing = 0;
		};
/* End PBXResourcesBuildPhase section */

/* Begin PBXSourcesBuildPhase section */
		C204B12528FD9AF8004FE059 /* Sources */ = {
			isa = PBXSourcesBuildPhase;
			buildActionMask = 2147483647;
			files = (
				C204B13128FD9AF8004FE059 /* ViewController.swift in Sources */,
				C204B12D28FD9AF8004FE059 /* AppDelegate.swift in Sources */,
				C204B12F28FD9AF8004FE059 /* SceneDelegate.swift in Sources */,
			);
			runOnlyForDeploymentPostprocessing = 0;
		};
		C204B13B28FD9AFA004FE059 /* Sources */ = {
			isa = PBXSourcesBuildPhase;
			buildActionMask = 2147483647;
			files = (
				C204B14428FD9AFA004FE059 /* introToScrollViewsTests.swift in Sources */,
			);
			runOnlyForDeploymentPostprocessing = 0;
		};
		C204B14528FD9AFA004FE059 /* Sources */ = {
			isa = PBXSourcesBuildPhase;
			buildActionMask = 2147483647;
			files = (
				C204B15028FD9AFA004FE059 /* introToScrollViewsUITestsLaunchTests.swift in Sources */,
				C204B14E28FD9AFA004FE059 /* introToScrollViewsUITests.swift in Sources */,
			);
			runOnlyForDeploymentPostprocessing = 0;
		};
/* End PBXSourcesBuildPhase section */

/* Begin PBXTargetDependency section */
		C204B14128FD9AFA004FE059 /* PBXTargetDependency */ = {
			isa = PBXTargetDependency;
			target = C204B12828FD9AF8004FE059 /* introToScrollViews */;
			targetProxy = C204B14028FD9AFA004FE059 /* PBXContainerItemProxy */;
		};
		C204B14B28FD9AFA004FE059 /* PBXTargetDependency */ = {
			isa = PBXTargetDependency;
			target = C204B12828FD9AF8004FE059 /* introToScrollViews */;
			targetProxy = C204B14A28FD9AFA004FE059 /* PBXContainerItemProxy */;
		};
/* End PBXTargetDependency section */

/* Begin PBXVariantGroup section */
		C204B13228FD9AF8004FE059 /* Main.storyboard */ = {
			isa = PBXVariantGroup;
			children = (
				C204B13328FD9AF8004FE059 /* Base */,
			);
			name = Main.storyboard;
			sourceTree = "<group>";
		};
		C204B13728FD9AFA004FE059 /* LaunchScreen.storyboard */ = {
			isa = PBXVariantGroup;
			children = (
				C204B13828FD9AFA004FE059 /* Base */,
			);
			name = LaunchScreen.storyboard;
			sourceTree = "<group>";
		};
/* End PBXVariantGroup section */

/* Begin XCBuildConfiguration section */
		C204B15128FD9AFA004FE059 /* Debug */ = {
			isa = XCBuildConfiguration;
			buildSettings = {
				ALWAYS_SEARCH_USER_PATHS = NO;
				CLANG_ANALYZER_NONNULL = YES;
				CLANG_ANALYZER_NUMBER_OBJECT_CONVERSION = YES_AGGRESSIVE;
				CLANG_CXX_LANGUAGE_STANDARD = "gnu++20";
				CLANG_ENABLE_MODULES = YES;
				CLANG_ENABLE_OBJC_ARC = YES;
				CLANG_ENABLE_OBJC_WEAK = YES;
				CLANG_WARN_BLOCK_CAPTURE_AUTORELEASING = YES;
				CLANG_WARN_BOOL_CONVERSION = YES;
				CLANG_WARN_COMMA = YES;
				CLANG_WARN_CONSTANT_CONVERSION = YES;
				CLANG_WARN_DEPRECATED_OBJC_IMPLEMENTATIONS = YES;
				CLANG_WARN_DIRECT_OBJC_ISA_USAGE = YES_ERROR;
				CLANG_WARN_DOCUMENTATION_COMMENTS = YES;
				CLANG_WARN_EMPTY_BODY = YES;
				CLANG_WARN_ENUM_CONVERSION = YES;
				CLANG_WARN_INFINITE_RECURSION = YES;
				CLANG_WARN_INT_CONVERSION = YES;
				CLANG_WARN_NON_LITERAL_NULL_CONVERSION = YES;
				CLANG_WARN_OBJC_IMPLICIT_RETAIN_SELF = YES;
				CLANG_WARN_OBJC_LITERAL_CONVERSION = YES;
				CLANG_WARN_OBJC_ROOT_CLASS = YES_ERROR;
				CLANG_WARN_QUOTED_INCLUDE_IN_FRAMEWORK_HEADER = YES;
				CLANG_WARN_RANGE_LOOP_ANALYSIS = YES;
				CLANG_WARN_STRICT_PROTOTYPES = YES;
				CLANG_WARN_SUSPICIOUS_MOVE = YES;
				CLANG_WARN_UNGUARDED_AVAILABILITY = YES_AGGRESSIVE;
				CLANG_WARN_UNREACHABLE_CODE = YES;
				CLANG_WARN__DUPLICATE_METHOD_MATCH = YES;
				COPY_PHASE_STRIP = NO;
				DEBUG_INFORMATION_FORMAT = dwarf;
				ENABLE_STRICT_OBJC_MSGSEND = YES;
				ENABLE_TESTABILITY = YES;
				GCC_C_LANGUAGE_STANDARD = gnu11;
				GCC_DYNAMIC_NO_PIC = NO;
				GCC_NO_COMMON_BLOCKS = YES;
				GCC_OPTIMIZATION_LEVEL = 0;
				GCC_PREPROCESSOR_DEFINITIONS = (
					"DEBUG=1",
					"$(inherited)",
				);
				GCC_WARN_64_TO_32_BIT_CONVERSION = YES;
				GCC_WARN_ABOUT_RETURN_TYPE = YES_ERROR;
				GCC_WARN_UNDECLARED_SELECTOR = YES;
				GCC_WARN_UNINITIALIZED_AUTOS = YES_AGGRESSIVE;
				GCC_WARN_UNUSED_FUNCTION = YES;
				GCC_WARN_UNUSED_VARIABLE = YES;
				IPHONEOS_DEPLOYMENT_TARGET = 16.0;
				MTL_ENABLE_DEBUG_INFO = INCLUDE_SOURCE;
				MTL_FAST_MATH = YES;
				ONLY_ACTIVE_ARCH = YES;
				SDKROOT = iphoneos;
				SWIFT_ACTIVE_COMPILATION_CONDITIONS = DEBUG;
				SWIFT_OPTIMIZATION_LEVEL = "-Onone";
			};
			name = Debug;
		};
		C204B15228FD9AFA004FE059 /* Release */ = {
			isa = XCBuildConfiguration;
			buildSettings = {
				ALWAYS_SEARCH_USER_PATHS = NO;
				CLANG_ANALYZER_NONNULL = YES;
				CLANG_ANALYZER_NUMBER_OBJECT_CONVERSION = YES_AGGRESSIVE;
				CLANG_CXX_LANGUAGE_STANDARD = "gnu++20";
				CLANG_ENABLE_MODULES = YES;
				CLANG_ENABLE_OBJC_ARC = YES;
				CLANG_ENABLE_OBJC_WEAK = YES;
				CLANG_WARN_BLOCK_CAPTURE_AUTORELEASING = YES;
				CLANG_WARN_BOOL_CONVERSION = YES;
				CLANG_WARN_COMMA = YES;
				CLANG_WARN_CONSTANT_CONVERSION = YES;
				CLANG_WARN_DEPRECATED_OBJC_IMPLEMENTATIONS = YES;
				CLANG_WARN_DIRECT_OBJC_ISA_USAGE = YES_ERROR;
				CLANG_WARN_DOCUMENTATION_COMMENTS = YES;
				CLANG_WARN_EMPTY_BODY = YES;
				CLANG_WARN_ENUM_CONVERSION = YES;
				CLANG_WARN_INFINITE_RECURSION = YES;
				CLANG_WARN_INT_CONVERSION = YES;
				CLANG_WARN_NON_LITERAL_NULL_CONVERSION = YES;
				CLANG_WARN_OBJC_IMPLICIT_RETAIN_SELF = YES;
				CLANG_WARN_OBJC_LITERAL_CONVERSION = YES;
				CLANG_WARN_OBJC_ROOT_CLASS = YES_ERROR;
				CLANG_WARN_QUOTED_INCLUDE_IN_FRAMEWORK_HEADER = YES;
				CLANG_WARN_RANGE_LOOP_ANALYSIS = YES;
				CLANG_WARN_STRICT_PROTOTYPES = YES;
				CLANG_WARN_SUSPICIOUS_MOVE = YES;
				CLANG_WARN_UNGUARDED_AVAILABILITY = YES_AGGRESSIVE;
				CLANG_WARN_UNREACHABLE_CODE = YES;
				CLANG_WARN__DUPLICATE_METHOD_MATCH = YES;
				COPY_PHASE_STRIP = NO;
				DEBUG_INFORMATION_FORMAT = "dwarf-with-dsym";
				ENABLE_NS_ASSERTIONS = NO;
				ENABLE_STRICT_OBJC_MSGSEND = YES;
				GCC_C_LANGUAGE_STANDARD = gnu11;
				GCC_NO_COMMON_BLOCKS = YES;
				GCC_WARN_64_TO_32_BIT_CONVERSION = YES;
				GCC_WARN_ABOUT_RETURN_TYPE = YES_ERROR;
				GCC_WARN_UNDECLARED_SELECTOR = YES;
				GCC_WARN_UNINITIALIZED_AUTOS = YES_AGGRESSIVE;
				GCC_WARN_UNUSED_FUNCTION = YES;
				GCC_WARN_UNUSED_VARIABLE = YES;
				IPHONEOS_DEPLOYMENT_TARGET = 16.0;
				MTL_ENABLE_DEBUG_INFO = NO;
				MTL_FAST_MATH = YES;
				SDKROOT = iphoneos;
				SWIFT_COMPILATION_MODE = wholemodule;
				SWIFT_OPTIMIZATION_LEVEL = "-O";
				VALIDATE_PRODUCT = YES;
			};
			name = Release;
		};
		C204B15428FD9AFA004FE059 /* Debug */ = {
			isa = XCBuildConfiguration;
			buildSettings = {
				ASSETCATALOG_COMPILER_APPICON_NAME = AppIcon;
				ASSETCATALOG_COMPILER_GLOBAL_ACCENT_COLOR_NAME = AccentColor;
				CODE_SIGN_STYLE = Automatic;
				CURRENT_PROJECT_VERSION = 1;
				DEVELOPMENT_TEAM = GBG6DT3V62;
				GENERATE_INFOPLIST_FILE = YES;
				INFOPLIST_FILE = introToScrollViews/Info.plist;
				INFOPLIST_KEY_UIApplicationSupportsIndirectInputEvents = YES;
				INFOPLIST_KEY_UILaunchStoryboardName = LaunchScreen;
				INFOPLIST_KEY_UIMainStoryboardFile = Main;
				INFOPLIST_KEY_UISupportedInterfaceOrientations_iPad = "UIInterfaceOrientationPortrait UIInterfaceOrientationPortraitUpsideDown UIInterfaceOrientationLandscapeLeft UIInterfaceOrientationLandscapeRight";
				INFOPLIST_KEY_UISupportedInterfaceOrientations_iPhone = "UIInterfaceOrientationPortrait UIInterfaceOrientationLandscapeLeft UIInterfaceOrientationLandscapeRight";
				LD_RUNPATH_SEARCH_PATHS = (
					"$(inherited)",
					"@executable_path/Frameworks",
				);
				MARKETING_VERSION = 1.0;
				PRODUCT_BUNDLE_IDENTIFIER = com.stevie.appEventCount.introToScrollViews;
				PRODUCT_NAME = "$(TARGET_NAME)";
				SWIFT_EMIT_LOC_STRINGS = YES;
				SWIFT_VERSION = 5.0;
				TARGETED_DEVICE_FAMILY = "1,2";
			};
			name = Debug;
		};
		C204B15528FD9AFA004FE059 /* Release */ = {
			isa = XCBuildConfiguration;
			buildSettings = {
				ASSETCATALOG_COMPILER_APPICON_NAME = AppIcon;
				ASSETCATALOG_COMPILER_GLOBAL_ACCENT_COLOR_NAME = AccentColor;
				CODE_SIGN_STYLE = Automatic;
				CURRENT_PROJECT_VERSION = 1;
				DEVELOPMENT_TEAM = GBG6DT3V62;
				GENERATE_INFOPLIST_FILE = YES;
				INFOPLIST_FILE = introToScrollViews/Info.plist;
				INFOPLIST_KEY_UIApplicationSupportsIndirectInputEvents = YES;
				INFOPLIST_KEY_UILaunchStoryboardName = LaunchScreen;
				INFOPLIST_KEY_UIMainStoryboardFile = Main;
				INFOPLIST_KEY_UISupportedInterfaceOrientations_iPad = "UIInterfaceOrientationPortrait UIInterfaceOrientationPortraitUpsideDown UIInterfaceOrientationLandscapeLeft UIInterfaceOrientationLandscapeRight";
				INFOPLIST_KEY_UISupportedInterfaceOrientations_iPhone = "UIInterfaceOrientationPortrait UIInterfaceOrientationLandscapeLeft UIInterfaceOrientationLandscapeRight";
				LD_RUNPATH_SEARCH_PATHS = (
					"$(inherited)",
					"@executable_path/Frameworks",
				);
				MARKETING_VERSION = 1.0;
				PRODUCT_BUNDLE_IDENTIFIER = com.stevie.appEventCount.introToScrollViews;
				PRODUCT_NAME = "$(TARGET_NAME)";
				SWIFT_EMIT_LOC_STRINGS = YES;
				SWIFT_VERSION = 5.0;
				TARGETED_DEVICE_FAMILY = "1,2";
			};
			name = Release;
		};
		C204B15728FD9AFA004FE059 /* Debug */ = {
			isa = XCBuildConfiguration;
			buildSettings = {
				ALWAYS_EMBED_SWIFT_STANDARD_LIBRARIES = YES;
				BUNDLE_LOADER = "$(TEST_HOST)";
				CODE_SIGN_STYLE = Automatic;
				CURRENT_PROJECT_VERSION = 1;
				DEVELOPMENT_TEAM = GBG6DT3V62;
				GENERATE_INFOPLIST_FILE = YES;
				IPHONEOS_DEPLOYMENT_TARGET = 16.0;
				MARKETING_VERSION = 1.0;
				PRODUCT_BUNDLE_IDENTIFIER = com.stevie.appEventCount.introToScrollViewsTests;
				PRODUCT_NAME = "$(TARGET_NAME)";
				SWIFT_EMIT_LOC_STRINGS = NO;
				SWIFT_VERSION = 5.0;
				TARGETED_DEVICE_FAMILY = "1,2";
				TEST_HOST = "$(BUILT_PRODUCTS_DIR)/introToScrollViews.app/$(BUNDLE_EXECUTABLE_FOLDER_PATH)/introToScrollViews";
			};
			name = Debug;
		};
		C204B15828FD9AFA004FE059 /* Release */ = {
			isa = XCBuildConfiguration;
			buildSettings = {
				ALWAYS_EMBED_SWIFT_STANDARD_LIBRARIES = YES;
				BUNDLE_LOADER = "$(TEST_HOST)";
				CODE_SIGN_STYLE = Automatic;
				CURRENT_PROJECT_VERSION = 1;
				DEVELOPMENT_TEAM = GBG6DT3V62;
				GENERATE_INFOPLIST_FILE = YES;
				IPHONEOS_DEPLOYMENT_TARGET = 16.0;
				MARKETING_VERSION = 1.0;
				PRODUCT_BUNDLE_IDENTIFIER = com.stevie.appEventCount.introToScrollViewsTests;
				PRODUCT_NAME = "$(TARGET_NAME)";
				SWIFT_EMIT_LOC_STRINGS = NO;
				SWIFT_VERSION = 5.0;
				TARGETED_DEVICE_FAMILY = "1,2";
				TEST_HOST = "$(BUILT_PRODUCTS_DIR)/introToScrollViews.app/$(BUNDLE_EXECUTABLE_FOLDER_PATH)/introToScrollViews";
			};
			name = Release;
		};
		C204B15A28FD9AFA004FE059 /* Debug */ = {
			isa = XCBuildConfiguration;
			buildSettings = {
				ALWAYS_EMBED_SWIFT_STANDARD_LIBRARIES = YES;
				CODE_SIGN_STYLE = Automatic;
				CURRENT_PROJECT_VERSION = 1;
				DEVELOPMENT_TEAM = GBG6DT3V62;
				GENERATE_INFOPLIST_FILE = YES;
				MARKETING_VERSION = 1.0;
				PRODUCT_BUNDLE_IDENTIFIER = com.stevie.appEventCount.introToScrollViewsUITests;
				PRODUCT_NAME = "$(TARGET_NAME)";
				SWIFT_EMIT_LOC_STRINGS = NO;
				SWIFT_VERSION = 5.0;
				TARGETED_DEVICE_FAMILY = "1,2";
				TEST_TARGET_NAME = introToScrollViews;
			};
			name = Debug;
		};
		C204B15B28FD9AFA004FE059 /* Release */ = {
			isa = XCBuildConfiguration;
			buildSettings = {
				ALWAYS_EMBED_SWIFT_STANDARD_LIBRARIES = YES;
				CODE_SIGN_STYLE = Automatic;
				CURRENT_PROJECT_VERSION = 1;
				DEVELOPMENT_TEAM = GBG6DT3V62;
				GENERATE_INFOPLIST_FILE = YES;
				MARKETING_VERSION = 1.0;
				PRODUCT_BUNDLE_IDENTIFIER = com.stevie.appEventCount.introToScrollViewsUITests;
				PRODUCT_NAME = "$(TARGET_NAME)";
				SWIFT_EMIT_LOC_STRINGS = NO;
				SWIFT_VERSION = 5.0;
				TARGETED_DEVICE_FAMILY = "1,2";
				TEST_TARGET_NAME = introToScrollViews;
			};
			name = Release;
		};
/* End XCBuildConfiguration section */

/* Begin XCConfigurationList section */
		C204B12428FD9AF8004FE059 /* Build configuration list for PBXProject "introToScrollViews" */ = {
			isa = XCConfigurationList;
			buildConfigurations = (
				C204B15128FD9AFA004FE059 /* Debug */,
				C204B15228FD9AFA004FE059 /* Release */,
			);
			defaultConfigurationIsVisible = 0;
			defaultConfigurationName = Release;
		};
		C204B15328FD9AFA004FE059 /* Build configuration list for PBXNativeTarget "introToScrollViews" */ = {
			isa = XCConfigurationList;
			buildConfigurations = (
				C204B15428FD9AFA004FE059 /* Debug */,
				C204B15528FD9AFA004FE059 /* Release */,
			);
			defaultConfigurationIsVisible = 0;
			defaultConfigurationName = Release;
		};
		C204B15628FD9AFA004FE059 /* Build configuration list for PBXNativeTarget "introToScrollViewsTests" */ = {
			isa = XCConfigurationList;
			buildConfigurations = (
				C204B15728FD9AFA004FE059 /* Debug */,
				C204B15828FD9AFA004FE059 /* Release */,
			);
			defaultConfigurationIsVisible = 0;
			defaultConfigurationName = Release;
		};
		C204B15928FD9AFA004FE059 /* Build configuration list for PBXNativeTarget "introToScrollViewsUITests" */ = {
			isa = XCConfigurationList;
			buildConfigurations = (
				C204B15A28FD9AFA004FE059 /* Debug */,
				C204B15B28FD9AFA004FE059 /* Release */,
			);
			defaultConfigurationIsVisible = 0;
			defaultConfigurationName = Release;
		};
/* End XCConfigurationList section */
	};
	rootObject = C204B12128FD9AF8004FE059 /* Project object */;
}
