// !$*UTF8*$!
{
	archiveVersion = 1;
	classes = {
	};
	objectVersion = 56;
	objects = {

/* Begin PBXBuildFile section */
		C2F0DCBC28FDB48400473343 /* AppDelegate.swift in Sources */ = {isa = PBXBuildFile; fileRef = C2F0DCBB28FDB48400473343 /* AppDelegate.swift */; };
		C2F0DCBE28FDB48400473343 /* SceneDelegate.swift in Sources */ = {isa = PBXBuildFile; fileRef = C2F0DCBD28FDB48400473343 /* SceneDelegate.swift */; };
		C2F0DCC028FDB48400473343 /* ViewController.swift in Sources */ = {isa = PBXBuildFile; fileRef = C2F0DCBF28FDB48400473343 /* ViewController.swift */; };
		C2F0DCC328FDB48400473343 /* Main.storyboard in Resources */ = {isa = PBXBuildFile; fileRef = C2F0DCC128FDB48400473343 /* Main.storyboard */; };
		C2F0DCC528FDB48500473343 /* Assets.xcassets in Resources */ = {isa = PBXBuildFile; fileRef = C2F0DCC428FDB48500473343 /* Assets.xcassets */; };
		C2F0DCC828FDB48500473343 /* LaunchScreen.storyboard in Resources */ = {isa = PBXBuildFile; fileRef = C2F0DCC628FDB48500473343 /* LaunchScreen.storyboard */; };
		C2F0DCD328FDB48500473343 /* iSpyTests.swift in Sources */ = {isa = PBXBuildFile; fileRef = C2F0DCD228FDB48500473343 /* iSpyTests.swift */; };
		C2F0DCDD28FDB48500473343 /* iSpyUITests.swift in Sources */ = {isa = PBXBuildFile; fileRef = C2F0DCDC28FDB48500473343 /* iSpyUITests.swift */; };
		C2F0DCDF28FDB48500473343 /* iSpyUITestsLaunchTests.swift in Sources */ = {isa = PBXBuildFile; fileRef = C2F0DCDE28FDB48500473343 /* iSpyUITestsLaunchTests.swift */; };
/* End PBXBuildFile section */

/* Begin PBXContainerItemProxy section */
		C2F0DCCF28FDB48500473343 /* PBXContainerItemProxy */ = {
			isa = PBXContainerItemProxy;
			containerPortal = C2F0DCB028FDB48400473343 /* Project object */;
			proxyType = 1;
			remoteGlobalIDString = C2F0DCB728FDB48400473343;
			remoteInfo = iSpy;
		};
		C2F0DCD928FDB48500473343 /* PBXContainerItemProxy */ = {
			isa = PBXContainerItemProxy;
			containerPortal = C2F0DCB028FDB48400473343 /* Project object */;
			proxyType = 1;
			remoteGlobalIDString = C2F0DCB728FDB48400473343;
			remoteInfo = iSpy;
		};
/* End PBXContainerItemProxy section */

/* Begin PBXFileReference section */
		C2F0DCB828FDB48400473343 /* iSpy.app */ = {isa = PBXFileReference; explicitFileType = wrapper.application; includeInIndex = 0; path = iSpy.app; sourceTree = BUILT_PRODUCTS_DIR; };
		C2F0DCBB28FDB48400473343 /* AppDelegate.swift */ = {isa = PBXFileReference; lastKnownFileType = sourcecode.swift; path = AppDelegate.swift; sourceTree = "<group>"; };
		C2F0DCBD28FDB48400473343 /* SceneDelegate.swift */ = {isa = PBXFileReference; lastKnownFileType = sourcecode.swift; path = SceneDelegate.swift; sourceTree = "<group>"; };
		C2F0DCBF28FDB48400473343 /* ViewController.swift */ = {isa = PBXFileReference; lastKnownFileType = sourcecode.swift; path = ViewController.swift; sourceTree = "<group>"; };
		C2F0DCC228FDB48400473343 /* Base */ = {isa = PBXFileReference; lastKnownFileType = file.storyboard; name = Base; path = Base.lproj/Main.storyboard; sourceTree = "<group>"; };
		C2F0DCC428FDB48500473343 /* Assets.xcassets */ = {isa = PBXFileReference; lastKnownFileType = folder.assetcatalog; path = Assets.xcassets; sourceTree = "<group>"; };
		C2F0DCC728FDB48500473343 /* Base */ = {isa = PBXFileReference; lastKnownFileType = file.storyboard; name = Base; path = Base.lproj/LaunchScreen.storyboard; sourceTree = "<group>"; };
		C2F0DCC928FDB48500473343 /* Info.plist */ = {isa = PBXFileReference; lastKnownFileType = text.plist.xml; path = Info.plist; sourceTree = "<group>"; };
		C2F0DCCE28FDB48500473343 /* iSpyTests.xctest */ = {isa = PBXFileReference; explicitFileType = wrapper.cfbundle; includeInIndex = 0; path = iSpyTests.xctest; sourceTree = BUILT_PRODUCTS_DIR; };
		C2F0DCD228FDB48500473343 /* iSpyTests.swift */ = {isa = PBXFileReference; lastKnownFileType = sourcecode.swift; path = iSpyTests.swift; sourceTree = "<group>"; };
		C2F0DCD828FDB48500473343 /* iSpyUITests.xctest */ = {isa = PBXFileReference; explicitFileType = wrapper.cfbundle; includeInIndex = 0; path = iSpyUITests.xctest; sourceTree = BUILT_PRODUCTS_DIR; };
		C2F0DCDC28FDB48500473343 /* iSpyUITests.swift */ = {isa = PBXFileReference; lastKnownFileType = sourcecode.swift; path = iSpyUITests.swift; sourceTree = "<group>"; };
		C2F0DCDE28FDB48500473343 /* iSpyUITestsLaunchTests.swift */ = {isa = PBXFileReference; lastKnownFileType = sourcecode.swift; path = iSpyUITestsLaunchTests.swift; sourceTree = "<group>"; };
/* End PBXFileReference section */

/* Begin PBXFrameworksBuildPhase section */
		C2F0DCB528FDB48400473343 /* Frameworks */ = {
			isa = PBXFrameworksBuildPhase;
			buildActionMask = 2147483647;
			files = (
			);
			runOnlyForDeploymentPostprocessing = 0;
		};
		C2F0DCCB28FDB48500473343 /* Frameworks */ = {
			isa = PBXFrameworksBuildPhase;
			buildActionMask = 2147483647;
			files = (
			);
			runOnlyForDeploymentPostprocessing = 0;
		};
		C2F0DCD528FDB48500473343 /* Frameworks */ = {
			isa = PBXFrameworksBuildPhase;
			buildActionMask = 2147483647;
			files = (
			);
			runOnlyForDeploymentPostprocessing = 0;
		};
/* End PBXFrameworksBuildPhase section */

/* Begin PBXGroup section */
		C2F0DCAF28FDB48400473343 = {
			isa = PBXGroup;
			children = (
				C2F0DCBA28FDB48400473343 /* iSpy */,
				C2F0DCD128FDB48500473343 /* iSpyTests */,
				C2F0DCDB28FDB48500473343 /* iSpyUITests */,
				C2F0DCB928FDB48400473343 /* Products */,
			);
			sourceTree = "<group>";
		};
		C2F0DCB928FDB48400473343 /* Products */ = {
			isa = PBXGroup;
			children = (
				C2F0DCB828FDB48400473343 /* iSpy.app */,
				C2F0DCCE28FDB48500473343 /* iSpyTests.xctest */,
				C2F0DCD828FDB48500473343 /* iSpyUITests.xctest */,
			);
			name = Products;
			sourceTree = "<group>";
		};
		C2F0DCBA28FDB48400473343 /* iSpy */ = {
			isa = PBXGroup;
			children = (
				C2F0DCBB28FDB48400473343 /* AppDelegate.swift */,
				C2F0DCBD28FDB48400473343 /* SceneDelegate.swift */,
				C2F0DCBF28FDB48400473343 /* ViewController.swift */,
				C2F0DCC128FDB48400473343 /* Main.storyboard */,
				C2F0DCC428FDB48500473343 /* Assets.xcassets */,
				C2F0DCC628FDB48500473343 /* LaunchScreen.storyboard */,
				C2F0DCC928FDB48500473343 /* Info.plist */,
			);
			path = iSpy;
			sourceTree = "<group>";
		};
		C2F0DCD128FDB48500473343 /* iSpyTests */ = {
			isa = PBXGroup;
			children = (
				C2F0DCD228FDB48500473343 /* iSpyTests.swift */,
			);
			path = iSpyTests;
			sourceTree = "<group>";
		};
		C2F0DCDB28FDB48500473343 /* iSpyUITests */ = {
			isa = PBXGroup;
			children = (
				C2F0DCDC28FDB48500473343 /* iSpyUITests.swift */,
				C2F0DCDE28FDB48500473343 /* iSpyUITestsLaunchTests.swift */,
			);
			path = iSpyUITests;
			sourceTree = "<group>";
		};
/* End PBXGroup section */

/* Begin PBXNativeTarget section */
		C2F0DCB728FDB48400473343 /* iSpy */ = {
			isa = PBXNativeTarget;
			buildConfigurationList = C2F0DCE228FDB48500473343 /* Build configuration list for PBXNativeTarget "iSpy" */;
			buildPhases = (
				C2F0DCB428FDB48400473343 /* Sources */,
				C2F0DCB528FDB48400473343 /* Frameworks */,
				C2F0DCB628FDB48400473343 /* Resources */,
			);
			buildRules = (
			);
			dependencies = (
			);
			name = iSpy;
			productName = iSpy;
			productReference = C2F0DCB828FDB48400473343 /* iSpy.app */;
			productType = "com.apple.product-type.application";
		};
		C2F0DCCD28FDB48500473343 /* iSpyTests */ = {
			isa = PBXNativeTarget;
			buildConfigurationList = C2F0DCE528FDB48500473343 /* Build configuration list for PBXNativeTarget "iSpyTests" */;
			buildPhases = (
				C2F0DCCA28FDB48500473343 /* Sources */,
				C2F0DCCB28FDB48500473343 /* Frameworks */,
				C2F0DCCC28FDB48500473343 /* Resources */,
			);
			buildRules = (
			);
			dependencies = (
				C2F0DCD028FDB48500473343 /* PBXTargetDependency */,
			);
			name = iSpyTests;
			productName = iSpyTests;
			productReference = C2F0DCCE28FDB48500473343 /* iSpyTests.xctest */;
			productType = "com.apple.product-type.bundle.unit-test";
		};
		C2F0DCD728FDB48500473343 /* iSpyUITests */ = {
			isa = PBXNativeTarget;
			buildConfigurationList = C2F0DCE828FDB48500473343 /* Build configuration list for PBXNativeTarget "iSpyUITests" */;
			buildPhases = (
				C2F0DCD428FDB48500473343 /* Sources */,
				C2F0DCD528FDB48500473343 /* Frameworks */,
				C2F0DCD628FDB48500473343 /* Resources */,
			);
			buildRules = (
			);
			dependencies = (
				C2F0DCDA28FDB48500473343 /* PBXTargetDependency */,
			);
			name = iSpyUITests;
			productName = iSpyUITests;
			productReference = C2F0DCD828FDB48500473343 /* iSpyUITests.xctest */;
			productType = "com.apple.product-type.bundle.ui-testing";
		};
/* End PBXNativeTarget section */

/* Begin PBXProject section */
		C2F0DCB028FDB48400473343 /* Project object */ = {
			isa = PBXProject;
			attributes = {
				BuildIndependentTargetsInParallel = 1;
				LastSwiftUpdateCheck = 1400;
				LastUpgradeCheck = 1400;
				TargetAttributes = {
					C2F0DCB728FDB48400473343 = {
						CreatedOnToolsVersion = 14.0.1;
					};
					C2F0DCCD28FDB48500473343 = {
						CreatedOnToolsVersion = 14.0.1;
						TestTargetID = C2F0DCB728FDB48400473343;
					};
					C2F0DCD728FDB48500473343 = {
						CreatedOnToolsVersion = 14.0.1;
						TestTargetID = C2F0DCB728FDB48400473343;
					};
				};
			};
			buildConfigurationList = C2F0DCB328FDB48400473343 /* Build configuration list for PBXProject "iSpy" */;
			compatibilityVersion = "Xcode 14.0";
			developmentRegion = en;
			hasScannedForEncodings = 0;
			knownRegions = (
				en,
				Base,
			);
			mainGroup = C2F0DCAF28FDB48400473343;
			productRefGroup = C2F0DCB928FDB48400473343 /* Products */;
			projectDirPath = "";
			projectRoot = "";
			targets = (
				C2F0DCB728FDB48400473343 /* iSpy */,
				C2F0DCCD28FDB48500473343 /* iSpyTests */,
				C2F0DCD728FDB48500473343 /* iSpyUITests */,
			);
		};
/* End PBXProject section */

/* Begin PBXResourcesBuildPhase section */
		C2F0DCB628FDB48400473343 /* Resources */ = {
			isa = PBXResourcesBuildPhase;
			buildActionMask = 2147483647;
			files = (
				C2F0DCC828FDB48500473343 /* LaunchScreen.storyboard in Resources */,
				C2F0DCC528FDB48500473343 /* Assets.xcassets in Resources */,
				C2F0DCC328FDB48400473343 /* Main.storyboard in Resources */,
			);
			runOnlyForDeploymentPostprocessing = 0;
		};
		C2F0DCCC28FDB48500473343 /* Resources */ = {
			isa = PBXResourcesBuildPhase;
			buildActionMask = 2147483647;
			files = (
			);
			runOnlyForDeploymentPostprocessing = 0;
		};
		C2F0DCD628FDB48500473343 /* Resources */ = {
			isa = PBXResourcesBuildPhase;
			buildActionMask = 2147483647;
			files = (
			);
			runOnlyForDeploymentPostprocessing = 0;
		};
/* End PBXResourcesBuildPhase section */

/* Begin PBXSourcesBuildPhase section */
		C2F0DCB428FDB48400473343 /* Sources */ = {
			isa = PBXSourcesBuildPhase;
			buildActionMask = 2147483647;
			files = (
				C2F0DCC028FDB48400473343 /* ViewController.swift in Sources */,
				C2F0DCBC28FDB48400473343 /* AppDelegate.swift in Sources */,
				C2F0DCBE28FDB48400473343 /* SceneDelegate.swift in Sources */,
			);
			runOnlyForDeploymentPostprocessing = 0;
		};
		C2F0DCCA28FDB48500473343 /* Sources */ = {
			isa = PBXSourcesBuildPhase;
			buildActionMask = 2147483647;
			files = (
				C2F0DCD328FDB48500473343 /* iSpyTests.swift in Sources */,
			);
			runOnlyForDeploymentPostprocessing = 0;
		};
		C2F0DCD428FDB48500473343 /* Sources */ = {
			isa = PBXSourcesBuildPhase;
			buildActionMask = 2147483647;
			files = (
				C2F0DCDD28FDB48500473343 /* iSpyUITests.swift in Sources */,
				C2F0DCDF28FDB48500473343 /* iSpyUITestsLaunchTests.swift in Sources */,
			);
			runOnlyForDeploymentPostprocessing = 0;
		};
/* End PBXSourcesBuildPhase section */

/* Begin PBXTargetDependency section */
		C2F0DCD028FDB48500473343 /* PBXTargetDependency */ = {
			isa = PBXTargetDependency;
			target = C2F0DCB728FDB48400473343 /* iSpy */;
			targetProxy = C2F0DCCF28FDB48500473343 /* PBXContainerItemProxy */;
		};
		C2F0DCDA28FDB48500473343 /* PBXTargetDependency */ = {
			isa = PBXTargetDependency;
			target = C2F0DCB728FDB48400473343 /* iSpy */;
			targetProxy = C2F0DCD928FDB48500473343 /* PBXContainerItemProxy */;
		};
/* End PBXTargetDependency section */

/* Begin PBXVariantGroup section */
		C2F0DCC128FDB48400473343 /* Main.storyboard */ = {
			isa = PBXVariantGroup;
			children = (
				C2F0DCC228FDB48400473343 /* Base */,
			);
			name = Main.storyboard;
			sourceTree = "<group>";
		};
		C2F0DCC628FDB48500473343 /* LaunchScreen.storyboard */ = {
			isa = PBXVariantGroup;
			children = (
				C2F0DCC728FDB48500473343 /* Base */,
			);
			name = LaunchScreen.storyboard;
			sourceTree = "<group>";
		};
/* End PBXVariantGroup section */

/* Begin XCBuildConfiguration section */
		C2F0DCE028FDB48500473343 /* Debug */ = {
			isa = XCBuildConfiguration;
			buildSettings = {
				ALWAYS_SEARCH_USER_PATHS = NO;
				CLANG_ANALYZER_NONNULL = YES;
				CLANG_ANALYZER_NUMBER_OBJECT_CONVERSION = YES_AGGRESSIVE;
				CLANG_CXX_LANGUAGE_STANDARD = "gnu++20";
				CLANG_ENABLE_MODULES = YES;
				CLANG_ENABLE_OBJC_ARC = YES;
				CLANG_ENABLE_OBJC_WEAK = YES;
				CLANG_WARN_BLOCK_CAPTURE_AUTORELEASING = YES;
				CLANG_WARN_BOOL_CONVERSION = YES;
				CLANG_WARN_COMMA = YES;
				CLANG_WARN_CONSTANT_CONVERSION = YES;
				CLANG_WARN_DEPRECATED_OBJC_IMPLEMENTATIONS = YES;
				CLANG_WARN_DIRECT_OBJC_ISA_USAGE = YES_ERROR;
				CLANG_WARN_DOCUMENTATION_COMMENTS = YES;
				CLANG_WARN_EMPTY_BODY = YES;
				CLANG_WARN_ENUM_CONVERSION = YES;
				CLANG_WARN_INFINITE_RECURSION = YES;
				CLANG_WARN_INT_CONVERSION = YES;
				CLANG_WARN_NON_LITERAL_NULL_CONVERSION = YES;
				CLANG_WARN_OBJC_IMPLICIT_RETAIN_SELF = YES;
				CLANG_WARN_OBJC_LITERAL_CONVERSION = YES;
				CLANG_WARN_OBJC_ROOT_CLASS = YES_ERROR;
				CLANG_WARN_QUOTED_INCLUDE_IN_FRAMEWORK_HEADER = YES;
				CLANG_WARN_RANGE_LOOP_ANALYSIS = YES;
				CLANG_WARN_STRICT_PROTOTYPES = YES;
				CLANG_WARN_SUSPICIOUS_MOVE = YES;
				CLANG_WARN_UNGUARDED_AVAILABILITY = YES_AGGRESSIVE;
				CLANG_WARN_UNREACHABLE_CODE = YES;
				CLANG_WARN__DUPLICATE_METHOD_MATCH = YES;
				COPY_PHASE_STRIP = NO;
				DEBUG_INFORMATION_FORMAT = dwarf;
				ENABLE_STRICT_OBJC_MSGSEND = YES;
				ENABLE_TESTABILITY = YES;
				GCC_C_LANGUAGE_STANDARD = gnu11;
				GCC_DYNAMIC_NO_PIC = NO;
				GCC_NO_COMMON_BLOCKS = YES;
				GCC_OPTIMIZATION_LEVEL = 0;
				GCC_PREPROCESSOR_DEFINITIONS = (
					"DEBUG=1",
					"$(inherited)",
				);
				GCC_WARN_64_TO_32_BIT_CONVERSION = YES;
				GCC_WARN_ABOUT_RETURN_TYPE = YES_ERROR;
				GCC_WARN_UNDECLARED_SELECTOR = YES;
				GCC_WARN_UNINITIALIZED_AUTOS = YES_AGGRESSIVE;
				GCC_WARN_UNUSED_FUNCTION = YES;
				GCC_WARN_UNUSED_VARIABLE = YES;
				IPHONEOS_DEPLOYMENT_TARGET = 16.0;
				MTL_ENABLE_DEBUG_INFO = INCLUDE_SOURCE;
				MTL_FAST_MATH = YES;
				ONLY_ACTIVE_ARCH = YES;
				SDKROOT = iphoneos;
				SWIFT_ACTIVE_COMPILATION_CONDITIONS = DEBUG;
				SWIFT_OPTIMIZATION_LEVEL = "-Onone";
			};
			name = Debug;
		};
		C2F0DCE128FDB48500473343 /* Release */ = {
			isa = XCBuildConfiguration;
			buildSettings = {
				ALWAYS_SEARCH_USER_PATHS = NO;
				CLANG_ANALYZER_NONNULL = YES;
				CLANG_ANALYZER_NUMBER_OBJECT_CONVERSION = YES_AGGRESSIVE;
				CLANG_CXX_LANGUAGE_STANDARD = "gnu++20";
				CLANG_ENABLE_MODULES = YES;
				CLANG_ENABLE_OBJC_ARC = YES;
				CLANG_ENABLE_OBJC_WEAK = YES;
				CLANG_WARN_BLOCK_CAPTURE_AUTORELEASING = YES;
				CLANG_WARN_BOOL_CONVERSION = YES;
				CLANG_WARN_COMMA = YES;
				CLANG_WARN_CONSTANT_CONVERSION = YES;
				CLANG_WARN_DEPRECATED_OBJC_IMPLEMENTATIONS = YES;
				CLANG_WARN_DIRECT_OBJC_ISA_USAGE = YES_ERROR;
				CLANG_WARN_DOCUMENTATION_COMMENTS = YES;
				CLANG_WARN_EMPTY_BODY = YES;
				CLANG_WARN_ENUM_CONVERSION = YES;
				CLANG_WARN_INFINITE_RECURSION = YES;
				CLANG_WARN_INT_CONVERSION = YES;
				CLANG_WARN_NON_LITERAL_NULL_CONVERSION = YES;
				CLANG_WARN_OBJC_IMPLICIT_RETAIN_SELF = YES;
				CLANG_WARN_OBJC_LITERAL_CONVERSION = YES;
				CLANG_WARN_OBJC_ROOT_CLASS = YES_ERROR;
				CLANG_WARN_QUOTED_INCLUDE_IN_FRAMEWORK_HEADER = YES;
				CLANG_WARN_RANGE_LOOP_ANALYSIS = YES;
				CLANG_WARN_STRICT_PROTOTYPES = YES;
				CLANG_WARN_SUSPICIOUS_MOVE = YES;
				CLANG_WARN_UNGUARDED_AVAILABILITY = YES_AGGRESSIVE;
				CLANG_WARN_UNREACHABLE_CODE = YES;
				CLANG_WARN__DUPLICATE_METHOD_MATCH = YES;
				COPY_PHASE_STRIP = NO;
				DEBUG_INFORMATION_FORMAT = "dwarf-with-dsym";
				ENABLE_NS_ASSERTIONS = NO;
				ENABLE_STRICT_OBJC_MSGSEND = YES;
				GCC_C_LANGUAGE_STANDARD = gnu11;
				GCC_NO_COMMON_BLOCKS = YES;
				GCC_WARN_64_TO_32_BIT_CONVERSION = YES;
				GCC_WARN_ABOUT_RETURN_TYPE = YES_ERROR;
				GCC_WARN_UNDECLARED_SELECTOR = YES;
				GCC_WARN_UNINITIALIZED_AUTOS = YES_AGGRESSIVE;
				GCC_WARN_UNUSED_FUNCTION = YES;
				GCC_WARN_UNUSED_VARIABLE = YES;
				IPHONEOS_DEPLOYMENT_TARGET = 16.0;
				MTL_ENABLE_DEBUG_INFO = NO;
				MTL_FAST_MATH = YES;
				SDKROOT = iphoneos;
				SWIFT_COMPILATION_MODE = wholemodule;
				SWIFT_OPTIMIZATION_LEVEL = "-O";
				VALIDATE_PRODUCT = YES;
			};
			name = Release;
		};
		C2F0DCE328FDB48500473343 /* Debug */ = {
			isa = XCBuildConfiguration;
			buildSettings = {
				ASSETCATALOG_COMPILER_APPICON_NAME = AppIcon;
				ASSETCATALOG_COMPILER_GLOBAL_ACCENT_COLOR_NAME = AccentColor;
				CODE_SIGN_STYLE = Automatic;
				CURRENT_PROJECT_VERSION = 1;
				DEVELOPMENT_TEAM = GBG6DT3V62;
				GENERATE_INFOPLIST_FILE = YES;
				INFOPLIST_FILE = iSpy/Info.plist;
				INFOPLIST_KEY_UIApplicationSupportsIndirectInputEvents = YES;
				INFOPLIST_KEY_UILaunchStoryboardName = LaunchScreen;
				INFOPLIST_KEY_UIMainStoryboardFile = Main;
				INFOPLIST_KEY_UISupportedInterfaceOrientations_iPad = "UIInterfaceOrientationPortrait UIInterfaceOrientationPortraitUpsideDown UIInterfaceOrientationLandscapeLeft UIInterfaceOrientationLandscapeRight";
				INFOPLIST_KEY_UISupportedInterfaceOrientations_iPhone = "UIInterfaceOrientationPortrait UIInterfaceOrientationLandscapeLeft UIInterfaceOrientationLandscapeRight";
				LD_RUNPATH_SEARCH_PATHS = (
					"$(inherited)",
					"@executable_path/Frameworks",
				);
				MARKETING_VERSION = 1.0;
				PRODUCT_BUNDLE_IDENTIFIER = com.stevie.iSpy.iSpy;
				PRODUCT_NAME = "$(TARGET_NAME)";
				SWIFT_EMIT_LOC_STRINGS = YES;
				SWIFT_VERSION = 5.0;
				TARGETED_DEVICE_FAMILY = "1,2";
			};
			name = Debug;
		};
		C2F0DCE428FDB48500473343 /* Release */ = {
			isa = XCBuildConfiguration;
			buildSettings = {
				ASSETCATALOG_COMPILER_APPICON_NAME = AppIcon;
				ASSETCATALOG_COMPILER_GLOBAL_ACCENT_COLOR_NAME = AccentColor;
				CODE_SIGN_STYLE = Automatic;
				CURRENT_PROJECT_VERSION = 1;
				DEVELOPMENT_TEAM = GBG6DT3V62;
				GENERATE_INFOPLIST_FILE = YES;
				INFOPLIST_FILE = iSpy/Info.plist;
				INFOPLIST_KEY_UIApplicationSupportsIndirectInputEvents = YES;
				INFOPLIST_KEY_UILaunchStoryboardName = LaunchScreen;
				INFOPLIST_KEY_UIMainStoryboardFile = Main;
				INFOPLIST_KEY_UISupportedInterfaceOrientations_iPad = "UIInterfaceOrientationPortrait UIInterfaceOrientationPortraitUpsideDown UIInterfaceOrientationLandscapeLeft UIInterfaceOrientationLandscapeRight";
				INFOPLIST_KEY_UISupportedInterfaceOrientations_iPhone = "UIInterfaceOrientationPortrait UIInterfaceOrientationLandscapeLeft UIInterfaceOrientationLandscapeRight";
				LD_RUNPATH_SEARCH_PATHS = (
					"$(inherited)",
					"@executable_path/Frameworks",
				);
				MARKETING_VERSION = 1.0;
				PRODUCT_BUNDLE_IDENTIFIER = com.stevie.iSpy.iSpy;
				PRODUCT_NAME = "$(TARGET_NAME)";
				SWIFT_EMIT_LOC_STRINGS = YES;
				SWIFT_VERSION = 5.0;
				TARGETED_DEVICE_FAMILY = "1,2";
			};
			name = Release;
		};
		C2F0DCE628FDB48500473343 /* Debug */ = {
			isa = XCBuildConfiguration;
			buildSettings = {
				ALWAYS_EMBED_SWIFT_STANDARD_LIBRARIES = YES;
				BUNDLE_LOADER = "$(TEST_HOST)";
				CODE_SIGN_STYLE = Automatic;
				CURRENT_PROJECT_VERSION = 1;
				DEVELOPMENT_TEAM = GBG6DT3V62;
				GENERATE_INFOPLIST_FILE = YES;
				IPHONEOS_DEPLOYMENT_TARGET = 16.0;
				MARKETING_VERSION = 1.0;
				PRODUCT_BUNDLE_IDENTIFIER = com.stevie.iSpy.iSpyTests;
				PRODUCT_NAME = "$(TARGET_NAME)";
				SWIFT_EMIT_LOC_STRINGS = NO;
				SWIFT_VERSION = 5.0;
				TARGETED_DEVICE_FAMILY = "1,2";
				TEST_HOST = "$(BUILT_PRODUCTS_DIR)/iSpy.app/$(BUNDLE_EXECUTABLE_FOLDER_PATH)/iSpy";
			};
			name = Debug;
		};
		C2F0DCE728FDB48500473343 /* Release */ = {
			isa = XCBuildConfiguration;
			buildSettings = {
				ALWAYS_EMBED_SWIFT_STANDARD_LIBRARIES = YES;
				BUNDLE_LOADER = "$(TEST_HOST)";
				CODE_SIGN_STYLE = Automatic;
				CURRENT_PROJECT_VERSION = 1;
				DEVELOPMENT_TEAM = GBG6DT3V62;
				GENERATE_INFOPLIST_FILE = YES;
				IPHONEOS_DEPLOYMENT_TARGET = 16.0;
				MARKETING_VERSION = 1.0;
				PRODUCT_BUNDLE_IDENTIFIER = com.stevie.iSpy.iSpyTests;
				PRODUCT_NAME = "$(TARGET_NAME)";
				SWIFT_EMIT_LOC_STRINGS = NO;
				SWIFT_VERSION = 5.0;
				TARGETED_DEVICE_FAMILY = "1,2";
				TEST_HOST = "$(BUILT_PRODUCTS_DIR)/iSpy.app/$(BUNDLE_EXECUTABLE_FOLDER_PATH)/iSpy";
			};
			name = Release;
		};
		C2F0DCE928FDB48500473343 /* Debug */ = {
			isa = XCBuildConfiguration;
			buildSettings = {
				ALWAYS_EMBED_SWIFT_STANDARD_LIBRARIES = YES;
				CODE_SIGN_STYLE = Automatic;
				CURRENT_PROJECT_VERSION = 1;
				DEVELOPMENT_TEAM = GBG6DT3V62;
				GENERATE_INFOPLIST_FILE = YES;
				MARKETING_VERSION = 1.0;
				PRODUCT_BUNDLE_IDENTIFIER = com.stevie.iSpy.iSpyUITests;
				PRODUCT_NAME = "$(TARGET_NAME)";
				SWIFT_EMIT_LOC_STRINGS = NO;
				SWIFT_VERSION = 5.0;
				TARGETED_DEVICE_FAMILY = "1,2";
				TEST_TARGET_NAME = iSpy;
			};
			name = Debug;
		};
		C2F0DCEA28FDB48500473343 /* Release */ = {
			isa = XCBuildConfiguration;
			buildSettings = {
				ALWAYS_EMBED_SWIFT_STANDARD_LIBRARIES = YES;
				CODE_SIGN_STYLE = Automatic;
				CURRENT_PROJECT_VERSION = 1;
				DEVELOPMENT_TEAM = GBG6DT3V62;
				GENERATE_INFOPLIST_FILE = YES;
				MARKETING_VERSION = 1.0;
				PRODUCT_BUNDLE_IDENTIFIER = com.stevie.iSpy.iSpyUITests;
				PRODUCT_NAME = "$(TARGET_NAME)";
				SWIFT_EMIT_LOC_STRINGS = NO;
				SWIFT_VERSION = 5.0;
				TARGETED_DEVICE_FAMILY = "1,2";
				TEST_TARGET_NAME = iSpy;
			};
			name = Release;
		};
/* End XCBuildConfiguration section */

/* Begin XCConfigurationList section */
		C2F0DCB328FDB48400473343 /* Build configuration list for PBXProject "iSpy" */ = {
			isa = XCConfigurationList;
			buildConfigurations = (
				C2F0DCE028FDB48500473343 /* Debug */,
				C2F0DCE128FDB48500473343 /* Release */,
			);
			defaultConfigurationIsVisible = 0;
			defaultConfigurationName = Release;
		};
		C2F0DCE228FDB48500473343 /* Build configuration list for PBXNativeTarget "iSpy" */ = {
			isa = XCConfigurationList;
			buildConfigurations = (
				C2F0DCE328FDB48500473343 /* Debug */,
				C2F0DCE428FDB48500473343 /* Release */,
			);
			defaultConfigurationIsVisible = 0;
			defaultConfigurationName = Release;
		};
		C2F0DCE528FDB48500473343 /* Build configuration list for PBXNativeTarget "iSpyTests" */ = {
			isa = XCConfigurationList;
			buildConfigurations = (
				C2F0DCE628FDB48500473343 /* Debug */,
				C2F0DCE728FDB48500473343 /* Release */,
			);
			defaultConfigurationIsVisible = 0;
			defaultConfigurationName = Release;
		};
		C2F0DCE828FDB48500473343 /* Build configuration list for PBXNativeTarget "iSpyUITests" */ = {
			isa = XCConfigurationList;
			buildConfigurations = (
				C2F0DCE928FDB48500473343 /* Debug */,
				C2F0DCEA28FDB48500473343 /* Release */,
			);
			defaultConfigurationIsVisible = 0;
			defaultConfigurationName = Release;
		};
/* End XCConfigurationList section */
	};
	rootObject = C2F0DCB028FDB48400473343 /* Project object */;
}
