// !$*UTF8*$!
{
	archiveVersion = 1;
	classes = {
	};
	objectVersion = 56;
	objects = {

/* Begin PBXBuildFile section */
		369E94E828D8BBBE0070D5BF /* AppDelegate.swift in Sources */ = {isa = PBXBuildFile; fileRef = 369E94E728D8BBBE0070D5BF /* AppDelegate.swift */; };
		369E94EA28D8BBBE0070D5BF /* SceneDelegate.swift in Sources */ = {isa = PBXBuildFile; fileRef = 369E94E928D8BBBE0070D5BF /* SceneDelegate.swift */; };
		369E94EC28D8BBBE0070D5BF /* ViewController.swift in Sources */ = {isa = PBXBuildFile; fileRef = 369E94EB28D8BBBE0070D5BF /* ViewController.swift */; };
		369E94EF28D8BBBE0070D5BF /* Main.storyboard in Resources */ = {isa = PBXBuildFile; fileRef = 369E94ED28D8BBBE0070D5BF /* Main.storyboard */; };
		369E94F128D8BBBE0070D5BF /* Assets.xcassets in Resources */ = {isa = PBXBuildFile; fileRef = 369E94F028D8BBBE0070D5BF /* Assets.xcassets */; };
		369E94F428D8BBBE0070D5BF /* LaunchScreen.storyboard in Resources */ = {isa = PBXBuildFile; fileRef = 369E94F228D8BBBE0070D5BF /* LaunchScreen.storyboard */; };
		369E94FC28D8BC920070D5BF /* MiddleViewController.swift in Sources */ = {isa = PBXBuildFile; fileRef = 369E94FB28D8BC920070D5BF /* MiddleViewController.swift */; };
		369E94FE28D8BCA30070D5BF /* LastViewController.swift in Sources */ = {isa = PBXBuildFile; fileRef = 369E94FD28D8BCA30070D5BF /* LastViewController.swift */; };
/* End PBXBuildFile section */

/* Begin PBXFileReference section */
		369E94E428D8BBBE0070D5BF /* Order Of Events.app */ = {isa = PBXFileReference; explicitFileType = wrapper.application; includeInIndex = 0; path = "Order Of Events.app"; sourceTree = BUILT_PRODUCTS_DIR; };
		369E94E728D8BBBE0070D5BF /* AppDelegate.swift */ = {isa = PBXFileReference; lastKnownFileType = sourcecode.swift; path = AppDelegate.swift; sourceTree = "<group>"; };
		369E94E928D8BBBE0070D5BF /* SceneDelegate.swift */ = {isa = PBXFileReference; lastKnownFileType = sourcecode.swift; path = SceneDelegate.swift; sourceTree = "<group>"; };
		369E94EB28D8BBBE0070D5BF /* ViewController.swift */ = {isa = PBXFileReference; lastKnownFileType = sourcecode.swift; path = ViewController.swift; sourceTree = "<group>"; };
		369E94EE28D8BBBE0070D5BF /* Base */ = {isa = PBXFileReference; lastKnownFileType = file.storyboard; name = Base; path = Base.lproj/Main.storyboard; sourceTree = "<group>"; };
		369E94F028D8BBBE0070D5BF /* Assets.xcassets */ = {isa = PBXFileReference; lastKnownFileType = folder.assetcatalog; path = Assets.xcassets; sourceTree = "<group>"; };
		369E94F328D8BBBE0070D5BF /* Base */ = {isa = PBXFileReference; lastKnownFileType = file.storyboard; name = Base; path = Base.lproj/LaunchScreen.storyboard; sourceTree = "<group>"; };
		369E94F528D8BBBE0070D5BF /* Info.plist */ = {isa = PBXFileReference; lastKnownFileType = text.plist.xml; path = Info.plist; sourceTree = "<group>"; };
		369E94FB28D8BC920070D5BF /* MiddleViewController.swift */ = {isa = PBXFileReference; lastKnownFileType = sourcecode.swift; path = MiddleViewController.swift; sourceTree = "<group>"; };
		369E94FD28D8BCA30070D5BF /* LastViewController.swift */ = {isa = PBXFileReference; lastKnownFileType = sourcecode.swift; path = LastViewController.swift; sourceTree = "<group>"; };
/* End PBXFileReference section */

/* Begin PBXFrameworksBuildPhase section */
		369E94E128D8BBBE0070D5BF /* Frameworks */ = {
			isa = PBXFrameworksBuildPhase;
			buildActionMask = 2147483647;
			files = (
			);
			runOnlyForDeploymentPostprocessing = 0;
		};
/* End PBXFrameworksBuildPhase section */

/* Begin PBXGroup section */
		369E94DB28D8BBBE0070D5BF = {
			isa = PBXGroup;
			children = (
				369E94E628D8BBBE0070D5BF /* Order Of Events */,
				369E94E528D8BBBE0070D5BF /* Products */,
			);
			sourceTree = "<group>";
		};
		369E94E528D8BBBE0070D5BF /* Products */ = {
			isa = PBXGroup;
			children = (
				369E94E428D8BBBE0070D5BF /* Order Of Events.app */,
			);
			name = Products;
			sourceTree = "<group>";
		};
		369E94E628D8BBBE0070D5BF /* Order Of Events */ = {
			isa = PBXGroup;
			children = (
				369E94E728D8BBBE0070D5BF /* AppDelegate.swift */,
				369E94E928D8BBBE0070D5BF /* SceneDelegate.swift */,
				369E94EB28D8BBBE0070D5BF /* ViewController.swift */,
				369E94ED28D8BBBE0070D5BF /* Main.storyboard */,
				369E94FB28D8BC920070D5BF /* MiddleViewController.swift */,
				369E94FD28D8BCA30070D5BF /* LastViewController.swift */,
				369E94F028D8BBBE0070D5BF /* Assets.xcassets */,
				369E94F228D8BBBE0070D5BF /* LaunchScreen.storyboard */,
				369E94F528D8BBBE0070D5BF /* Info.plist */,
			);
			path = "Order Of Events";
			sourceTree = "<group>";
		};
/* End PBXGroup section */

/* Begin PBXNativeTarget section */
		369E94E328D8BBBE0070D5BF /* Order Of Events */ = {
			isa = PBXNativeTarget;
			buildConfigurationList = 369E94F828D8BBBE0070D5BF /* Build configuration list for PBXNativeTarget "Order Of Events" */;
			buildPhases = (
				369E94E028D8BBBE0070D5BF /* Sources */,
				369E94E128D8BBBE0070D5BF /* Frameworks */,
				369E94E228D8BBBE0070D5BF /* Resources */,
			);
			buildRules = (
			);
			dependencies = (
			);
			name = "Order Of Events";
			productName = "Order Of Events";
			productReference = 369E94E428D8BBBE0070D5BF /* Order Of Events.app */;
			productType = "com.apple.product-type.application";
		};
/* End PBXNativeTarget section */

/* Begin PBXProject section */
		369E94DC28D8BBBE0070D5BF /* Project object */ = {
			isa = PBXProject;
			attributes = {
				BuildIndependentTargetsInParallel = 1;
				LastSwiftUpdateCheck = 1400;
				LastUpgradeCheck = 1400;
				TargetAttributes = {
					369E94E328D8BBBE0070D5BF = {
						CreatedOnToolsVersion = 14.0;
					};
				};
			};
			buildConfigurationList = 369E94DF28D8BBBE0070D5BF /* Build configuration list for PBXProject "Order Of Events" */;
			compatibilityVersion = "Xcode 14.0";
			developmentRegion = en;
			hasScannedForEncodings = 0;
			knownRegions = (
				en,
				Base,
			);
			mainGroup = 369E94DB28D8BBBE0070D5BF;
			productRefGroup = 369E94E528D8BBBE0070D5BF /* Products */;
			projectDirPath = "";
			projectRoot = "";
			targets = (
				369E94E328D8BBBE0070D5BF /* Order Of Events */,
			);
		};
/* End PBXProject section */

/* Begin PBXResourcesBuildPhase section */
		369E94E228D8BBBE0070D5BF /* Resources */ = {
			isa = PBXResourcesBuildPhase;
			buildActionMask = 2147483647;
			files = (
				369E94F428D8BBBE0070D5BF /* LaunchScreen.storyboard in Resources */,
				369E94F128D8BBBE0070D5BF /* Assets.xcassets in Resources */,
				369E94EF28D8BBBE0070D5BF /* Main.storyboard in Resources */,
			);
			runOnlyForDeploymentPostprocessing = 0;
		};
/* End PBXResourcesBuildPhase section */

/* Begin PBXSourcesBuildPhase section */
		369E94E028D8BBBE0070D5BF /* Sources */ = {
			isa = PBXSourcesBuildPhase;
			buildActionMask = 2147483647;
			files = (
				369E94EC28D8BBBE0070D5BF /* ViewController.swift in Sources */,
				369E94FE28D8BCA30070D5BF /* LastViewController.swift in Sources */,
				369E94E828D8BBBE0070D5BF /* AppDelegate.swift in Sources */,
				369E94EA28D8BBBE0070D5BF /* SceneDelegate.swift in Sources */,
				369E94FC28D8BC920070D5BF /* MiddleViewController.swift in Sources */,
			);
			runOnlyForDeploymentPostprocessing = 0;
		};
/* End PBXSourcesBuildPhase section */

/* Begin PBXVariantGroup section */
		369E94ED28D8BBBE0070D5BF /* Main.storyboard */ = {
			isa = PBXVariantGroup;
			children = (
				369E94EE28D8BBBE0070D5BF /* Base */,
			);
			name = Main.storyboard;
			sourceTree = "<group>";
		};
		369E94F228D8BBBE0070D5BF /* LaunchScreen.storyboard */ = {
			isa = PBXVariantGroup;
			children = (
				369E94F328D8BBBE0070D5BF /* Base */,
			);
			name = LaunchScreen.storyboard;
			sourceTree = "<group>";
		};
/* End PBXVariantGroup section */

/* Begin XCBuildConfiguration section */
		369E94F628D8BBBE0070D5BF /* Debug */ = {
			isa = XCBuildConfiguration;
			buildSettings = {
				ALWAYS_SEARCH_USER_PATHS = NO;
				CLANG_ANALYZER_NONNULL = YES;
				CLANG_ANALYZER_NUMBER_OBJECT_CONVERSION = YES_AGGRESSIVE;
				CLANG_CXX_LANGUAGE_STANDARD = "gnu++20";
				CLANG_ENABLE_MODULES = YES;
				CLANG_ENABLE_OBJC_ARC = YES;
				CLANG_ENABLE_OBJC_WEAK = YES;
				CLANG_WARN_BLOCK_CAPTURE_AUTORELEASING = YES;
				CLANG_WARN_BOOL_CONVERSION = YES;
				CLANG_WARN_COMMA = YES;
				CLANG_WARN_CONSTANT_CONVERSION = YES;
				CLANG_WARN_DEPRECATED_OBJC_IMPLEMENTATIONS = YES;
				CLANG_WARN_DIRECT_OBJC_ISA_USAGE = YES_ERROR;
				CLANG_WARN_DOCUMENTATION_COMMENTS = YES;
				CLANG_WARN_EMPTY_BODY = YES;
				CLANG_WARN_ENUM_CONVERSION = YES;
				CLANG_WARN_INFINITE_RECURSION = YES;
				CLANG_WARN_INT_CONVERSION = YES;
				CLANG_WARN_NON_LITERAL_NULL_CONVERSION = YES;
				CLANG_WARN_OBJC_IMPLICIT_RETAIN_SELF = YES;
				CLANG_WARN_OBJC_LITERAL_CONVERSION = YES;
				CLANG_WARN_OBJC_ROOT_CLASS = YES_ERROR;
				CLANG_WARN_QUOTED_INCLUDE_IN_FRAMEWORK_HEADER = YES;
				CLANG_WARN_RANGE_LOOP_ANALYSIS = YES;
				CLANG_WARN_STRICT_PROTOTYPES = YES;
				CLANG_WARN_SUSPICIOUS_MOVE = YES;
				CLANG_WARN_UNGUARDED_AVAILABILITY = YES_AGGRESSIVE;
				CLANG_WARN_UNREACHABLE_CODE = YES;
				CLANG_WARN__DUPLICATE_METHOD_MATCH = YES;
				COPY_PHASE_STRIP = NO;
				DEBUG_INFORMATION_FORMAT = dwarf;
				ENABLE_STRICT_OBJC_MSGSEND = YES;
				ENABLE_TESTABILITY = YES;
				GCC_C_LANGUAGE_STANDARD = gnu11;
				GCC_DYNAMIC_NO_PIC = NO;
				GCC_NO_COMMON_BLOCKS = YES;
				GCC_OPTIMIZATION_LEVEL = 0;
				GCC_PREPROCESSOR_DEFINITIONS = (
					"DEBUG=1",
					"$(inherited)",
				);
				GCC_WARN_64_TO_32_BIT_CONVERSION = YES;
				GCC_WARN_ABOUT_RETURN_TYPE = YES_ERROR;
				GCC_WARN_UNDECLARED_SELECTOR = YES;
				GCC_WARN_UNINITIALIZED_AUTOS = YES_AGGRESSIVE;
				GCC_WARN_UNUSED_FUNCTION = YES;
				GCC_WARN_UNUSED_VARIABLE = YES;
				IPHONEOS_DEPLOYMENT_TARGET = 16.0;
				MTL_ENABLE_DEBUG_INFO = INCLUDE_SOURCE;
				MTL_FAST_MATH = YES;
				ONLY_ACTIVE_ARCH = YES;
				SDKROOT = iphoneos;
				SWIFT_ACTIVE_COMPILATION_CONDITIONS = DEBUG;
				SWIFT_OPTIMIZATION_LEVEL = "-Onone";
			};
			name = Debug;
		};
		369E94F728D8BBBE0070D5BF /* Release */ = {
			isa = XCBuildConfiguration;
			buildSettings = {
				ALWAYS_SEARCH_USER_PATHS = NO;
				CLANG_ANALYZER_NONNULL = YES;
				CLANG_ANALYZER_NUMBER_OBJECT_CONVERSION = YES_AGGRESSIVE;
				CLANG_CXX_LANGUAGE_STANDARD = "gnu++20";
				CLANG_ENABLE_MODULES = YES;
				CLANG_ENABLE_OBJC_ARC = YES;
				CLANG_ENABLE_OBJC_WEAK = YES;
				CLANG_WARN_BLOCK_CAPTURE_AUTORELEASING = YES;
				CLANG_WARN_BOOL_CONVERSION = YES;
				CLANG_WARN_COMMA = YES;
				CLANG_WARN_CONSTANT_CONVERSION = YES;
				CLANG_WARN_DEPRECATED_OBJC_IMPLEMENTATIONS = YES;
				CLANG_WARN_DIRECT_OBJC_ISA_USAGE = YES_ERROR;
				CLANG_WARN_DOCUMENTATION_COMMENTS = YES;
				CLANG_WARN_EMPTY_BODY = YES;
				CLANG_WARN_ENUM_CONVERSION = YES;
				CLANG_WARN_INFINITE_RECURSION = YES;
				CLANG_WARN_INT_CONVERSION = YES;
				CLANG_WARN_NON_LITERAL_NULL_CONVERSION = YES;
				CLANG_WARN_OBJC_IMPLICIT_RETAIN_SELF = YES;
				CLANG_WARN_OBJC_LITERAL_CONVERSION = YES;
				CLANG_WARN_OBJC_ROOT_CLASS = YES_ERROR;
				CLANG_WARN_QUOTED_INCLUDE_IN_FRAMEWORK_HEADER = YES;
				CLANG_WARN_RANGE_LOOP_ANALYSIS = YES;
				CLANG_WARN_STRICT_PROTOTYPES = YES;
				CLANG_WARN_SUSPICIOUS_MOVE = YES;
				CLANG_WARN_UNGUARDED_AVAILABILITY = YES_AGGRESSIVE;
				CLANG_WARN_UNREACHABLE_CODE = YES;
				CLANG_WARN__DUPLICATE_METHOD_MATCH = YES;
				COPY_PHASE_STRIP = NO;
				DEBUG_INFORMATION_FORMAT = "dwarf-with-dsym";
				ENABLE_NS_ASSERTIONS = NO;
				ENABLE_STRICT_OBJC_MSGSEND = YES;
				GCC_C_LANGUAGE_STANDARD = gnu11;
				GCC_NO_COMMON_BLOCKS = YES;
				GCC_WARN_64_TO_32_BIT_CONVERSION = YES;
				GCC_WARN_ABOUT_RETURN_TYPE = YES_ERROR;
				GCC_WARN_UNDECLARED_SELECTOR = YES;
				GCC_WARN_UNINITIALIZED_AUTOS = YES_AGGRESSIVE;
				GCC_WARN_UNUSED_FUNCTION = YES;
				GCC_WARN_UNUSED_VARIABLE = YES;
				IPHONEOS_DEPLOYMENT_TARGET = 16.0;
				MTL_ENABLE_DEBUG_INFO = NO;
				MTL_FAST_MATH = YES;
				SDKROOT = iphoneos;
				SWIFT_COMPILATION_MODE = wholemodule;
				SWIFT_OPTIMIZATION_LEVEL = "-O";
				VALIDATE_PRODUCT = YES;
			};
			name = Release;
		};
		369E94F928D8BBBE0070D5BF /* Debug */ = {
			isa = XCBuildConfiguration;
			buildSettings = {
				ASSETCATALOG_COMPILER_APPICON_NAME = AppIcon;
				ASSETCATALOG_COMPILER_GLOBAL_ACCENT_COLOR_NAME = AccentColor;
				CODE_SIGN_STYLE = Automatic;
				CURRENT_PROJECT_VERSION = 1;
				GENERATE_INFOPLIST_FILE = YES;
				INFOPLIST_FILE = "Order Of Events/Info.plist";
				INFOPLIST_KEY_UIApplicationSupportsIndirectInputEvents = YES;
				INFOPLIST_KEY_UILaunchStoryboardName = LaunchScreen;
				INFOPLIST_KEY_UIMainStoryboardFile = Main;
				INFOPLIST_KEY_UISupportedInterfaceOrientations_iPad = "UIInterfaceOrientationPortrait UIInterfaceOrientationPortraitUpsideDown UIInterfaceOrientationLandscapeLeft UIInterfaceOrientationLandscapeRight";
				INFOPLIST_KEY_UISupportedInterfaceOrientations_iPhone = "UIInterfaceOrientationPortrait UIInterfaceOrientationLandscapeLeft UIInterfaceOrientationLandscapeRight";
				LD_RUNPATH_SEARCH_PATHS = (
					"$(inherited)",
					"@executable_path/Frameworks",
				);
				MARKETING_VERSION = 1.0;
				PRODUCT_BUNDLE_IDENTIFIER = "swift.Order-Of-Events";
				PRODUCT_NAME = "$(TARGET_NAME)";
				SWIFT_EMIT_LOC_STRINGS = YES;
				SWIFT_VERSION = 5.0;
				TARGETED_DEVICE_FAMILY = "1,2";
			};
			name = Debug;
		};
		369E94FA28D8BBBE0070D5BF /* Release */ = {
			isa = XCBuildConfiguration;
			buildSettings = {
				ASSETCATALOG_COMPILER_APPICON_NAME = AppIcon;
				ASSETCATALOG_COMPILER_GLOBAL_ACCENT_COLOR_NAME = AccentColor;
				CODE_SIGN_STYLE = Automatic;
				CURRENT_PROJECT_VERSION = 1;
				GENERATE_INFOPLIST_FILE = YES;
				INFOPLIST_FILE = "Order Of Events/Info.plist";
				INFOPLIST_KEY_UIApplicationSupportsIndirectInputEvents = YES;
				INFOPLIST_KEY_UILaunchStoryboardName = LaunchScreen;
				INFOPLIST_KEY_UIMainStoryboardFile = Main;
				INFOPLIST_KEY_UISupportedInterfaceOrientations_iPad = "UIInterfaceOrientationPortrait UIInterfaceOrientationPortraitUpsideDown UIInterfaceOrientationLandscapeLeft UIInterfaceOrientationLandscapeRight";
				INFOPLIST_KEY_UISupportedInterfaceOrientations_iPhone = "UIInterfaceOrientationPortrait UIInterfaceOrientationLandscapeLeft UIInterfaceOrientationLandscapeRight";
				LD_RUNPATH_SEARCH_PATHS = (
					"$(inherited)",
					"@executable_path/Frameworks",
				);
				MARKETING_VERSION = 1.0;
				PRODUCT_BUNDLE_IDENTIFIER = "swift.Order-Of-Events";
				PRODUCT_NAME = "$(TARGET_NAME)";
				SWIFT_EMIT_LOC_STRINGS = YES;
				SWIFT_VERSION = 5.0;
				TARGETED_DEVICE_FAMILY = "1,2";
			};
			name = Release;
		};
/* End XCBuildConfiguration section */

/* Begin XCConfigurationList section */
		369E94DF28D8BBBE0070D5BF /* Build configuration list for PBXProject "Order Of Events" */ = {
			isa = XCConfigurationList;
			buildConfigurations = (
				369E94F628D8BBBE0070D5BF /* Debug */,
				369E94F728D8BBBE0070D5BF /* Release */,
			);
			defaultConfigurationIsVisible = 0;
			defaultConfigurationName = Release;
		};
		369E94F828D8BBBE0070D5BF /* Build configuration list for PBXNativeTarget "Order Of Events" */ = {
			isa = XCConfigurationList;
			buildConfigurations = (
				369E94F928D8BBBE0070D5BF /* Debug */,
				369E94FA28D8BBBE0070D5BF /* Release */,
			);
			defaultConfigurationIsVisible = 0;
			defaultConfigurationName = Release;
		};
/* End XCConfigurationList section */
	};
	rootObject = 369E94DC28D8BBBE0070D5BF /* Project object */;
}
