// !$*UTF8*$!
{
	archiveVersion = 1;
	classes = {
	};
	objectVersion = 56;
	objects = {

/* Begin PBXBuildFile section */
		C2B64F1E2935B1F900760C22 /* AppDelegate.swift in Sources */ = {isa = PBXBuildFile; fileRef = C2B64F1D2935B1F900760C22 /* AppDelegate.swift */; };
		C2B64F202935B1F900760C22 /* SceneDelegate.swift in Sources */ = {isa = PBXBuildFile; fileRef = C2B64F1F2935B1F900760C22 /* SceneDelegate.swift */; };
		C2B64F222935B1F900760C22 /* ViewController.swift in Sources */ = {isa = PBXBuildFile; fileRef = C2B64F212935B1F900760C22 /* ViewController.swift */; };
		C2B64F252935B1F900760C22 /* Main.storyboard in Resources */ = {isa = PBXBuildFile; fileRef = C2B64F232935B1F900760C22 /* Main.storyboard */; };
		C2B64F272935B1FA00760C22 /* Assets.xcassets in Resources */ = {isa = PBXBuildFile; fileRef = C2B64F262935B1FA00760C22 /* Assets.xcassets */; };
		C2B64F2A2935B1FA00760C22 /* LaunchScreen.storyboard in Resources */ = {isa = PBXBuildFile; fileRef = C2B64F282935B1FA00760C22 /* LaunchScreen.storyboard */; };
		C2B64F352935B1FA00760C22 /* itunes_searchingTests.swift in Sources */ = {isa = PBXBuildFile; fileRef = C2B64F342935B1FA00760C22 /* itunes_searchingTests.swift */; };
		C2B64F3F2935B1FA00760C22 /* itunes_searchingUITests.swift in Sources */ = {isa = PBXBuildFile; fileRef = C2B64F3E2935B1FA00760C22 /* itunes_searchingUITests.swift */; };
		C2B64F412935B1FA00760C22 /* itunes_searchingUITestsLaunchTests.swift in Sources */ = {isa = PBXBuildFile; fileRef = C2B64F402935B1FA00760C22 /* itunes_searchingUITestsLaunchTests.swift */; };
/* End PBXBuildFile section */

/* Begin PBXContainerItemProxy section */
		C2B64F312935B1FA00760C22 /* PBXContainerItemProxy */ = {
			isa = PBXContainerItemProxy;
			containerPortal = C2B64F122935B1F900760C22 /* Project object */;
			proxyType = 1;
			remoteGlobalIDString = C2B64F192935B1F900760C22;
			remoteInfo = "itunes searching";
		};
		C2B64F3B2935B1FA00760C22 /* PBXContainerItemProxy */ = {
			isa = PBXContainerItemProxy;
			containerPortal = C2B64F122935B1F900760C22 /* Project object */;
			proxyType = 1;
			remoteGlobalIDString = C2B64F192935B1F900760C22;
			remoteInfo = "itunes searching";
		};
/* End PBXContainerItemProxy section */

/* Begin PBXFileReference section */
		C2B64F1A2935B1F900760C22 /* itunes searching.app */ = {isa = PBXFileReference; explicitFileType = wrapper.application; includeInIndex = 0; path = "itunes searching.app"; sourceTree = BUILT_PRODUCTS_DIR; };
		C2B64F1D2935B1F900760C22 /* AppDelegate.swift */ = {isa = PBXFileReference; lastKnownFileType = sourcecode.swift; path = AppDelegate.swift; sourceTree = "<group>"; };
		C2B64F1F2935B1F900760C22 /* SceneDelegate.swift */ = {isa = PBXFileReference; lastKnownFileType = sourcecode.swift; path = SceneDelegate.swift; sourceTree = "<group>"; };
		C2B64F212935B1F900760C22 /* ViewController.swift */ = {isa = PBXFileReference; lastKnownFileType = sourcecode.swift; path = ViewController.swift; sourceTree = "<group>"; };
		C2B64F242935B1F900760C22 /* Base */ = {isa = PBXFileReference; lastKnownFileType = file.storyboard; name = Base; path = Base.lproj/Main.storyboard; sourceTree = "<group>"; };
		C2B64F262935B1FA00760C22 /* Assets.xcassets */ = {isa = PBXFileReference; lastKnownFileType = folder.assetcatalog; path = Assets.xcassets; sourceTree = "<group>"; };
		C2B64F292935B1FA00760C22 /* Base */ = {isa = PBXFileReference; lastKnownFileType = file.storyboard; name = Base; path = Base.lproj/LaunchScreen.storyboard; sourceTree = "<group>"; };
		C2B64F2B2935B1FA00760C22 /* Info.plist */ = {isa = PBXFileReference; lastKnownFileType = text.plist.xml; path = Info.plist; sourceTree = "<group>"; };
		C2B64F302935B1FA00760C22 /* itunes searchingTests.xctest */ = {isa = PBXFileReference; explicitFileType = wrapper.cfbundle; includeInIndex = 0; path = "itunes searchingTests.xctest"; sourceTree = BUILT_PRODUCTS_DIR; };
		C2B64F342935B1FA00760C22 /* itunes_searchingTests.swift */ = {isa = PBXFileReference; lastKnownFileType = sourcecode.swift; path = itunes_searchingTests.swift; sourceTree = "<group>"; };
		C2B64F3A2935B1FA00760C22 /* itunes searchingUITests.xctest */ = {isa = PBXFileReference; explicitFileType = wrapper.cfbundle; includeInIndex = 0; path = "itunes searchingUITests.xctest"; sourceTree = BUILT_PRODUCTS_DIR; };
		C2B64F3E2935B1FA00760C22 /* itunes_searchingUITests.swift */ = {isa = PBXFileReference; lastKnownFileType = sourcecode.swift; path = itunes_searchingUITests.swift; sourceTree = "<group>"; };
		C2B64F402935B1FA00760C22 /* itunes_searchingUITestsLaunchTests.swift */ = {isa = PBXFileReference; lastKnownFileType = sourcecode.swift; path = itunes_searchingUITestsLaunchTests.swift; sourceTree = "<group>"; };
/* End PBXFileReference section */

/* Begin PBXFrameworksBuildPhase section */
		C2B64F172935B1F900760C22 /* Frameworks */ = {
			isa = PBXFrameworksBuildPhase;
			buildActionMask = 2147483647;
			files = (
			);
			runOnlyForDeploymentPostprocessing = 0;
		};
		C2B64F2D2935B1FA00760C22 /* Frameworks */ = {
			isa = PBXFrameworksBuildPhase;
			buildActionMask = 2147483647;
			files = (
			);
			runOnlyForDeploymentPostprocessing = 0;
		};
		C2B64F372935B1FA00760C22 /* Frameworks */ = {
			isa = PBXFrameworksBuildPhase;
			buildActionMask = 2147483647;
			files = (
			);
			runOnlyForDeploymentPostprocessing = 0;
		};
/* End PBXFrameworksBuildPhase section */

/* Begin PBXGroup section */
		C2B64F112935B1F900760C22 = {
			isa = PBXGroup;
			children = (
				C2B64F1C2935B1F900760C22 /* itunes searching */,
				C2B64F332935B1FA00760C22 /* itunes searchingTests */,
				C2B64F3D2935B1FA00760C22 /* itunes searchingUITests */,
				C2B64F1B2935B1F900760C22 /* Products */,
			);
			sourceTree = "<group>";
		};
		C2B64F1B2935B1F900760C22 /* Products */ = {
			isa = PBXGroup;
			children = (
				C2B64F1A2935B1F900760C22 /* itunes searching.app */,
				C2B64F302935B1FA00760C22 /* itunes searchingTests.xctest */,
				C2B64F3A2935B1FA00760C22 /* itunes searchingUITests.xctest */,
			);
			name = Products;
			sourceTree = "<group>";
		};
		C2B64F1C2935B1F900760C22 /* itunes searching */ = {
			isa = PBXGroup;
			children = (
				C2B64F1D2935B1F900760C22 /* AppDelegate.swift */,
				C2B64F1F2935B1F900760C22 /* SceneDelegate.swift */,
				C2B64F212935B1F900760C22 /* ViewController.swift */,
				C2B64F232935B1F900760C22 /* Main.storyboard */,
				C2B64F262935B1FA00760C22 /* Assets.xcassets */,
				C2B64F282935B1FA00760C22 /* LaunchScreen.storyboard */,
				C2B64F2B2935B1FA00760C22 /* Info.plist */,
			);
			path = "itunes searching";
			sourceTree = "<group>";
		};
		C2B64F332935B1FA00760C22 /* itunes searchingTests */ = {
			isa = PBXGroup;
			children = (
				C2B64F342935B1FA00760C22 /* itunes_searchingTests.swift */,
			);
			path = "itunes searchingTests";
			sourceTree = "<group>";
		};
		C2B64F3D2935B1FA00760C22 /* itunes searchingUITests */ = {
			isa = PBXGroup;
			children = (
				C2B64F3E2935B1FA00760C22 /* itunes_searchingUITests.swift */,
				C2B64F402935B1FA00760C22 /* itunes_searchingUITestsLaunchTests.swift */,
			);
			path = "itunes searchingUITests";
			sourceTree = "<group>";
		};
/* End PBXGroup section */

/* Begin PBXNativeTarget section */
		C2B64F192935B1F900760C22 /* itunes searching */ = {
			isa = PBXNativeTarget;
			buildConfigurationList = C2B64F442935B1FA00760C22 /* Build configuration list for PBXNativeTarget "itunes searching" */;
			buildPhases = (
				C2B64F162935B1F900760C22 /* Sources */,
				C2B64F172935B1F900760C22 /* Frameworks */,
				C2B64F182935B1F900760C22 /* Resources */,
			);
			buildRules = (
			);
			dependencies = (
			);
			name = "itunes searching";
			productName = "itunes searching";
			productReference = C2B64F1A2935B1F900760C22 /* itunes searching.app */;
			productType = "com.apple.product-type.application";
		};
		C2B64F2F2935B1FA00760C22 /* itunes searchingTests */ = {
			isa = PBXNativeTarget;
			buildConfigurationList = C2B64F472935B1FA00760C22 /* Build configuration list for PBXNativeTarget "itunes searchingTests" */;
			buildPhases = (
				C2B64F2C2935B1FA00760C22 /* Sources */,
				C2B64F2D2935B1FA00760C22 /* Frameworks */,
				C2B64F2E2935B1FA00760C22 /* Resources */,
			);
			buildRules = (
			);
			dependencies = (
				C2B64F322935B1FA00760C22 /* PBXTargetDependency */,
			);
			name = "itunes searchingTests";
			productName = "itunes searchingTests";
			productReference = C2B64F302935B1FA00760C22 /* itunes searchingTests.xctest */;
			productType = "com.apple.product-type.bundle.unit-test";
		};
		C2B64F392935B1FA00760C22 /* itunes searchingUITests */ = {
			isa = PBXNativeTarget;
			buildConfigurationList = C2B64F4A2935B1FA00760C22 /* Build configuration list for PBXNativeTarget "itunes searchingUITests" */;
			buildPhases = (
				C2B64F362935B1FA00760C22 /* Sources */,
				C2B64F372935B1FA00760C22 /* Frameworks */,
				C2B64F382935B1FA00760C22 /* Resources */,
			);
			buildRules = (
			);
			dependencies = (
				C2B64F3C2935B1FA00760C22 /* PBXTargetDependency */,
			);
			name = "itunes searchingUITests";
			productName = "itunes searchingUITests";
			productReference = C2B64F3A2935B1FA00760C22 /* itunes searchingUITests.xctest */;
			productType = "com.apple.product-type.bundle.ui-testing";
		};
/* End PBXNativeTarget section */

/* Begin PBXProject section */
		C2B64F122935B1F900760C22 /* Project object */ = {
			isa = PBXProject;
			attributes = {
				BuildIndependentTargetsInParallel = 1;
				LastSwiftUpdateCheck = 1400;
				LastUpgradeCheck = 1400;
				TargetAttributes = {
					C2B64F192935B1F900760C22 = {
						CreatedOnToolsVersion = 14.0.1;
					};
					C2B64F2F2935B1FA00760C22 = {
						CreatedOnToolsVersion = 14.0.1;
						TestTargetID = C2B64F192935B1F900760C22;
					};
					C2B64F392935B1FA00760C22 = {
						CreatedOnToolsVersion = 14.0.1;
						TestTargetID = C2B64F192935B1F900760C22;
					};
				};
			};
			buildConfigurationList = C2B64F152935B1F900760C22 /* Build configuration list for PBXProject "itunes searching" */;
			compatibilityVersion = "Xcode 14.0";
			developmentRegion = en;
			hasScannedForEncodings = 0;
			knownRegions = (
				en,
				Base,
			);
			mainGroup = C2B64F112935B1F900760C22;
			productRefGroup = C2B64F1B2935B1F900760C22 /* Products */;
			projectDirPath = "";
			projectRoot = "";
			targets = (
				C2B64F192935B1F900760C22 /* itunes searching */,
				C2B64F2F2935B1FA00760C22 /* itunes searchingTests */,
				C2B64F392935B1FA00760C22 /* itunes searchingUITests */,
			);
		};
/* End PBXProject section */

/* Begin PBXResourcesBuildPhase section */
		C2B64F182935B1F900760C22 /* Resources */ = {
			isa = PBXResourcesBuildPhase;
			buildActionMask = 2147483647;
			files = (
				C2B64F2A2935B1FA00760C22 /* LaunchScreen.storyboard in Resources */,
				C2B64F272935B1FA00760C22 /* Assets.xcassets in Resources */,
				C2B64F252935B1F900760C22 /* Main.storyboard in Resources */,
			);
			runOnlyForDeploymentPostprocessing = 0;
		};
		C2B64F2E2935B1FA00760C22 /* Resources */ = {
			isa = PBXResourcesBuildPhase;
			buildActionMask = 2147483647;
			files = (
			);
			runOnlyForDeploymentPostprocessing = 0;
		};
		C2B64F382935B1FA00760C22 /* Resources */ = {
			isa = PBXResourcesBuildPhase;
			buildActionMask = 2147483647;
			files = (
			);
			runOnlyForDeploymentPostprocessing = 0;
		};
/* End PBXResourcesBuildPhase section */

/* Begin PBXSourcesBuildPhase section */
		C2B64F162935B1F900760C22 /* Sources */ = {
			isa = PBXSourcesBuildPhase;
			buildActionMask = 2147483647;
			files = (
				C2B64F222935B1F900760C22 /* ViewController.swift in Sources */,
				C2B64F1E2935B1F900760C22 /* AppDelegate.swift in Sources */,
				C2B64F202935B1F900760C22 /* SceneDelegate.swift in Sources */,
			);
			runOnlyForDeploymentPostprocessing = 0;
		};
		C2B64F2C2935B1FA00760C22 /* Sources */ = {
			isa = PBXSourcesBuildPhase;
			buildActionMask = 2147483647;
			files = (
				C2B64F352935B1FA00760C22 /* itunes_searchingTests.swift in Sources */,
			);
			runOnlyForDeploymentPostprocessing = 0;
		};
		C2B64F362935B1FA00760C22 /* Sources */ = {
			isa = PBXSourcesBuildPhase;
			buildActionMask = 2147483647;
			files = (
				C2B64F3F2935B1FA00760C22 /* itunes_searchingUITests.swift in Sources */,
				C2B64F412935B1FA00760C22 /* itunes_searchingUITestsLaunchTests.swift in Sources */,
			);
			runOnlyForDeploymentPostprocessing = 0;
		};
/* End PBXSourcesBuildPhase section */

/* Begin PBXTargetDependency section */
		C2B64F322935B1FA00760C22 /* PBXTargetDependency */ = {
			isa = PBXTargetDependency;
			target = C2B64F192935B1F900760C22 /* itunes searching */;
			targetProxy = C2B64F312935B1FA00760C22 /* PBXContainerItemProxy */;
		};
		C2B64F3C2935B1FA00760C22 /* PBXTargetDependency */ = {
			isa = PBXTargetDependency;
			target = C2B64F192935B1F900760C22 /* itunes searching */;
			targetProxy = C2B64F3B2935B1FA00760C22 /* PBXContainerItemProxy */;
		};
/* End PBXTargetDependency section */

/* Begin PBXVariantGroup section */
		C2B64F232935B1F900760C22 /* Main.storyboard */ = {
			isa = PBXVariantGroup;
			children = (
				C2B64F242935B1F900760C22 /* Base */,
			);
			name = Main.storyboard;
			sourceTree = "<group>";
		};
		C2B64F282935B1FA00760C22 /* LaunchScreen.storyboard */ = {
			isa = PBXVariantGroup;
			children = (
				C2B64F292935B1FA00760C22 /* Base */,
			);
			name = LaunchScreen.storyboard;
			sourceTree = "<group>";
		};
/* End PBXVariantGroup section */

/* Begin XCBuildConfiguration section */
		C2B64F422935B1FA00760C22 /* Debug */ = {
			isa = XCBuildConfiguration;
			buildSettings = {
				ALWAYS_SEARCH_USER_PATHS = NO;
				CLANG_ANALYZER_NONNULL = YES;
				CLANG_ANALYZER_NUMBER_OBJECT_CONVERSION = YES_AGGRESSIVE;
				CLANG_CXX_LANGUAGE_STANDARD = "gnu++20";
				CLANG_ENABLE_MODULES = YES;
				CLANG_ENABLE_OBJC_ARC = YES;
				CLANG_ENABLE_OBJC_WEAK = YES;
				CLANG_WARN_BLOCK_CAPTURE_AUTORELEASING = YES;
				CLANG_WARN_BOOL_CONVERSION = YES;
				CLANG_WARN_COMMA = YES;
				CLANG_WARN_CONSTANT_CONVERSION = YES;
				CLANG_WARN_DEPRECATED_OBJC_IMPLEMENTATIONS = YES;
				CLANG_WARN_DIRECT_OBJC_ISA_USAGE = YES_ERROR;
				CLANG_WARN_DOCUMENTATION_COMMENTS = YES;
				CLANG_WARN_EMPTY_BODY = YES;
				CLANG_WARN_ENUM_CONVERSION = YES;
				CLANG_WARN_INFINITE_RECURSION = YES;
				CLANG_WARN_INT_CONVERSION = YES;
				CLANG_WARN_NON_LITERAL_NULL_CONVERSION = YES;
				CLANG_WARN_OBJC_IMPLICIT_RETAIN_SELF = YES;
				CLANG_WARN_OBJC_LITERAL_CONVERSION = YES;
				CLANG_WARN_OBJC_ROOT_CLASS = YES_ERROR;
				CLANG_WARN_QUOTED_INCLUDE_IN_FRAMEWORK_HEADER = YES;
				CLANG_WARN_RANGE_LOOP_ANALYSIS = YES;
				CLANG_WARN_STRICT_PROTOTYPES = YES;
				CLANG_WARN_SUSPICIOUS_MOVE = YES;
				CLANG_WARN_UNGUARDED_AVAILABILITY = YES_AGGRESSIVE;
				CLANG_WARN_UNREACHABLE_CODE = YES;
				CLANG_WARN__DUPLICATE_METHOD_MATCH = YES;
				COPY_PHASE_STRIP = NO;
				DEBUG_INFORMATION_FORMAT = dwarf;
				ENABLE_STRICT_OBJC_MSGSEND = YES;
				ENABLE_TESTABILITY = YES;
				GCC_C_LANGUAGE_STANDARD = gnu11;
				GCC_DYNAMIC_NO_PIC = NO;
				GCC_NO_COMMON_BLOCKS = YES;
				GCC_OPTIMIZATION_LEVEL = 0;
				GCC_PREPROCESSOR_DEFINITIONS = (
					"DEBUG=1",
					"$(inherited)",
				);
				GCC_WARN_64_TO_32_BIT_CONVERSION = YES;
				GCC_WARN_ABOUT_RETURN_TYPE = YES_ERROR;
				GCC_WARN_UNDECLARED_SELECTOR = YES;
				GCC_WARN_UNINITIALIZED_AUTOS = YES_AGGRESSIVE;
				GCC_WARN_UNUSED_FUNCTION = YES;
				GCC_WARN_UNUSED_VARIABLE = YES;
				IPHONEOS_DEPLOYMENT_TARGET = 16.0;
				MTL_ENABLE_DEBUG_INFO = INCLUDE_SOURCE;
				MTL_FAST_MATH = YES;
				ONLY_ACTIVE_ARCH = YES;
				SDKROOT = iphoneos;
				SWIFT_ACTIVE_COMPILATION_CONDITIONS = DEBUG;
				SWIFT_OPTIMIZATION_LEVEL = "-Onone";
			};
			name = Debug;
		};
		C2B64F432935B1FA00760C22 /* Release */ = {
			isa = XCBuildConfiguration;
			buildSettings = {
				ALWAYS_SEARCH_USER_PATHS = NO;
				CLANG_ANALYZER_NONNULL = YES;
				CLANG_ANALYZER_NUMBER_OBJECT_CONVERSION = YES_AGGRESSIVE;
				CLANG_CXX_LANGUAGE_STANDARD = "gnu++20";
				CLANG_ENABLE_MODULES = YES;
				CLANG_ENABLE_OBJC_ARC = YES;
				CLANG_ENABLE_OBJC_WEAK = YES;
				CLANG_WARN_BLOCK_CAPTURE_AUTORELEASING = YES;
				CLANG_WARN_BOOL_CONVERSION = YES;
				CLANG_WARN_COMMA = YES;
				CLANG_WARN_CONSTANT_CONVERSION = YES;
				CLANG_WARN_DEPRECATED_OBJC_IMPLEMENTATIONS = YES;
				CLANG_WARN_DIRECT_OBJC_ISA_USAGE = YES_ERROR;
				CLANG_WARN_DOCUMENTATION_COMMENTS = YES;
				CLANG_WARN_EMPTY_BODY = YES;
				CLANG_WARN_ENUM_CONVERSION = YES;
				CLANG_WARN_INFINITE_RECURSION = YES;
				CLANG_WARN_INT_CONVERSION = YES;
				CLANG_WARN_NON_LITERAL_NULL_CONVERSION = YES;
				CLANG_WARN_OBJC_IMPLICIT_RETAIN_SELF = YES;
				CLANG_WARN_OBJC_LITERAL_CONVERSION = YES;
				CLANG_WARN_OBJC_ROOT_CLASS = YES_ERROR;
				CLANG_WARN_QUOTED_INCLUDE_IN_FRAMEWORK_HEADER = YES;
				CLANG_WARN_RANGE_LOOP_ANALYSIS = YES;
				CLANG_WARN_STRICT_PROTOTYPES = YES;
				CLANG_WARN_SUSPICIOUS_MOVE = YES;
				CLANG_WARN_UNGUARDED_AVAILABILITY = YES_AGGRESSIVE;
				CLANG_WARN_UNREACHABLE_CODE = YES;
				CLANG_WARN__DUPLICATE_METHOD_MATCH = YES;
				COPY_PHASE_STRIP = NO;
				DEBUG_INFORMATION_FORMAT = "dwarf-with-dsym";
				ENABLE_NS_ASSERTIONS = NO;
				ENABLE_STRICT_OBJC_MSGSEND = YES;
				GCC_C_LANGUAGE_STANDARD = gnu11;
				GCC_NO_COMMON_BLOCKS = YES;
				GCC_WARN_64_TO_32_BIT_CONVERSION = YES;
				GCC_WARN_ABOUT_RETURN_TYPE = YES_ERROR;
				GCC_WARN_UNDECLARED_SELECTOR = YES;
				GCC_WARN_UNINITIALIZED_AUTOS = YES_AGGRESSIVE;
				GCC_WARN_UNUSED_FUNCTION = YES;
				GCC_WARN_UNUSED_VARIABLE = YES;
				IPHONEOS_DEPLOYMENT_TARGET = 16.0;
				MTL_ENABLE_DEBUG_INFO = NO;
				MTL_FAST_MATH = YES;
				SDKROOT = iphoneos;
				SWIFT_COMPILATION_MODE = wholemodule;
				SWIFT_OPTIMIZATION_LEVEL = "-O";
				VALIDATE_PRODUCT = YES;
			};
			name = Release;
		};
		C2B64F452935B1FA00760C22 /* Debug */ = {
			isa = XCBuildConfiguration;
			buildSettings = {
				ASSETCATALOG_COMPILER_APPICON_NAME = AppIcon;
				ASSETCATALOG_COMPILER_GLOBAL_ACCENT_COLOR_NAME = AccentColor;
				CODE_SIGN_STYLE = Automatic;
				CURRENT_PROJECT_VERSION = 1;
				DEVELOPMENT_TEAM = GBG6DT3V62;
				GENERATE_INFOPLIST_FILE = YES;
				INFOPLIST_FILE = "itunes searching/Info.plist";
				INFOPLIST_KEY_UIApplicationSupportsIndirectInputEvents = YES;
				INFOPLIST_KEY_UILaunchStoryboardName = LaunchScreen;
				INFOPLIST_KEY_UIMainStoryboardFile = Main;
				INFOPLIST_KEY_UISupportedInterfaceOrientations_iPad = "UIInterfaceOrientationPortrait UIInterfaceOrientationPortraitUpsideDown UIInterfaceOrientationLandscapeLeft UIInterfaceOrientationLandscapeRight";
				INFOPLIST_KEY_UISupportedInterfaceOrientations_iPhone = "UIInterfaceOrientationPortrait UIInterfaceOrientationLandscapeLeft UIInterfaceOrientationLandscapeRight";
				LD_RUNPATH_SEARCH_PATHS = (
					"$(inherited)",
					"@executable_path/Frameworks",
				);
				MARKETING_VERSION = 1.0;
				PRODUCT_BUNDLE_IDENTIFIER = "com.stevie.searchingitunes.itunes-searching";
				PRODUCT_NAME = "$(TARGET_NAME)";
				SWIFT_EMIT_LOC_STRINGS = YES;
				SWIFT_VERSION = 5.0;
				TARGETED_DEVICE_FAMILY = "1,2";
			};
			name = Debug;
		};
		C2B64F462935B1FA00760C22 /* Release */ = {
			isa = XCBuildConfiguration;
			buildSettings = {
				ASSETCATALOG_COMPILER_APPICON_NAME = AppIcon;
				ASSETCATALOG_COMPILER_GLOBAL_ACCENT_COLOR_NAME = AccentColor;
				CODE_SIGN_STYLE = Automatic;
				CURRENT_PROJECT_VERSION = 1;
				DEVELOPMENT_TEAM = GBG6DT3V62;
				GENERATE_INFOPLIST_FILE = YES;
				INFOPLIST_FILE = "itunes searching/Info.plist";
				INFOPLIST_KEY_UIApplicationSupportsIndirectInputEvents = YES;
				INFOPLIST_KEY_UILaunchStoryboardName = LaunchScreen;
				INFOPLIST_KEY_UIMainStoryboardFile = Main;
				INFOPLIST_KEY_UISupportedInterfaceOrientations_iPad = "UIInterfaceOrientationPortrait UIInterfaceOrientationPortraitUpsideDown UIInterfaceOrientationLandscapeLeft UIInterfaceOrientationLandscapeRight";
				INFOPLIST_KEY_UISupportedInterfaceOrientations_iPhone = "UIInterfaceOrientationPortrait UIInterfaceOrientationLandscapeLeft UIInterfaceOrientationLandscapeRight";
				LD_RUNPATH_SEARCH_PATHS = (
					"$(inherited)",
					"@executable_path/Frameworks",
				);
				MARKETING_VERSION = 1.0;
				PRODUCT_BUNDLE_IDENTIFIER = "com.stevie.searchingitunes.itunes-searching";
				PRODUCT_NAME = "$(TARGET_NAME)";
				SWIFT_EMIT_LOC_STRINGS = YES;
				SWIFT_VERSION = 5.0;
				TARGETED_DEVICE_FAMILY = "1,2";
			};
			name = Release;
		};
		C2B64F482935B1FA00760C22 /* Debug */ = {
			isa = XCBuildConfiguration;
			buildSettings = {
				ALWAYS_EMBED_SWIFT_STANDARD_LIBRARIES = YES;
				BUNDLE_LOADER = "$(TEST_HOST)";
				CODE_SIGN_STYLE = Automatic;
				CURRENT_PROJECT_VERSION = 1;
				DEVELOPMENT_TEAM = GBG6DT3V62;
				GENERATE_INFOPLIST_FILE = YES;
				IPHONEOS_DEPLOYMENT_TARGET = 16.0;
				MARKETING_VERSION = 1.0;
				PRODUCT_BUNDLE_IDENTIFIER = "com.stevie.searchingitunes.itunes-searchingTests";
				PRODUCT_NAME = "$(TARGET_NAME)";
				SWIFT_EMIT_LOC_STRINGS = NO;
				SWIFT_VERSION = 5.0;
				TARGETED_DEVICE_FAMILY = "1,2";
				TEST_HOST = "$(BUILT_PRODUCTS_DIR)/itunes searching.app/$(BUNDLE_EXECUTABLE_FOLDER_PATH)/itunes searching";
			};
			name = Debug;
		};
		C2B64F492935B1FA00760C22 /* Release */ = {
			isa = XCBuildConfiguration;
			buildSettings = {
				ALWAYS_EMBED_SWIFT_STANDARD_LIBRARIES = YES;
				BUNDLE_LOADER = "$(TEST_HOST)";
				CODE_SIGN_STYLE = Automatic;
				CURRENT_PROJECT_VERSION = 1;
				DEVELOPMENT_TEAM = GBG6DT3V62;
				GENERATE_INFOPLIST_FILE = YES;
				IPHONEOS_DEPLOYMENT_TARGET = 16.0;
				MARKETING_VERSION = 1.0;
				PRODUCT_BUNDLE_IDENTIFIER = "com.stevie.searchingitunes.itunes-searchingTests";
				PRODUCT_NAME = "$(TARGET_NAME)";
				SWIFT_EMIT_LOC_STRINGS = NO;
				SWIFT_VERSION = 5.0;
				TARGETED_DEVICE_FAMILY = "1,2";
				TEST_HOST = "$(BUILT_PRODUCTS_DIR)/itunes searching.app/$(BUNDLE_EXECUTABLE_FOLDER_PATH)/itunes searching";
			};
			name = Release;
		};
		C2B64F4B2935B1FA00760C22 /* Debug */ = {
			isa = XCBuildConfiguration;
			buildSettings = {
				ALWAYS_EMBED_SWIFT_STANDARD_LIBRARIES = YES;
				CODE_SIGN_STYLE = Automatic;
				CURRENT_PROJECT_VERSION = 1;
				DEVELOPMENT_TEAM = GBG6DT3V62;
				GENERATE_INFOPLIST_FILE = YES;
				MARKETING_VERSION = 1.0;
				PRODUCT_BUNDLE_IDENTIFIER = "com.stevie.searchingitunes.itunes-searchingUITests";
				PRODUCT_NAME = "$(TARGET_NAME)";
				SWIFT_EMIT_LOC_STRINGS = NO;
				SWIFT_VERSION = 5.0;
				TARGETED_DEVICE_FAMILY = "1,2";
				TEST_TARGET_NAME = "itunes searching";
			};
			name = Debug;
		};
		C2B64F4C2935B1FA00760C22 /* Release */ = {
			isa = XCBuildConfiguration;
			buildSettings = {
				ALWAYS_EMBED_SWIFT_STANDARD_LIBRARIES = YES;
				CODE_SIGN_STYLE = Automatic;
				CURRENT_PROJECT_VERSION = 1;
				DEVELOPMENT_TEAM = GBG6DT3V62;
				GENERATE_INFOPLIST_FILE = YES;
				MARKETING_VERSION = 1.0;
				PRODUCT_BUNDLE_IDENTIFIER = "com.stevie.searchingitunes.itunes-searchingUITests";
				PRODUCT_NAME = "$(TARGET_NAME)";
				SWIFT_EMIT_LOC_STRINGS = NO;
				SWIFT_VERSION = 5.0;
				TARGETED_DEVICE_FAMILY = "1,2";
				TEST_TARGET_NAME = "itunes searching";
			};
			name = Release;
		};
/* End XCBuildConfiguration section */

/* Begin XCConfigurationList section */
		C2B64F152935B1F900760C22 /* Build configuration list for PBXProject "itunes searching" */ = {
			isa = XCConfigurationList;
			buildConfigurations = (
				C2B64F422935B1FA00760C22 /* Debug */,
				C2B64F432935B1FA00760C22 /* Release */,
			);
			defaultConfigurationIsVisible = 0;
			defaultConfigurationName = Release;
		};
		C2B64F442935B1FA00760C22 /* Build configuration list for PBXNativeTarget "itunes searching" */ = {
			isa = XCConfigurationList;
			buildConfigurations = (
				C2B64F452935B1FA00760C22 /* Debug */,
				C2B64F462935B1FA00760C22 /* Release */,
			);
			defaultConfigurationIsVisible = 0;
			defaultConfigurationName = Release;
		};
		C2B64F472935B1FA00760C22 /* Build configuration list for PBXNativeTarget "itunes searchingTests" */ = {
			isa = XCConfigurationList;
			buildConfigurations = (
				C2B64F482935B1FA00760C22 /* Debug */,
				C2B64F492935B1FA00760C22 /* Release */,
			);
			defaultConfigurationIsVisible = 0;
			defaultConfigurationName = Release;
		};
		C2B64F4A2935B1FA00760C22 /* Build configuration list for PBXNativeTarget "itunes searchingUITests" */ = {
			isa = XCConfigurationList;
			buildConfigurations = (
				C2B64F4B2935B1FA00760C22 /* Debug */,
				C2B64F4C2935B1FA00760C22 /* Release */,
			);
			defaultConfigurationIsVisible = 0;
			defaultConfigurationName = Release;
		};
/* End XCConfigurationList section */
	};
	rootObject = C2B64F122935B1F900760C22 /* Project object */;
}
