// !$*UTF8*$!
{
	archiveVersion = 1;
	classes = {
	};
	objectVersion = 56;
	objects = {

/* Begin PBXBuildFile section */
		C2FDC5762968787200845C9F /* LabJanSixthApp.swift in Sources */ = {isa = PBXBuildFile; fileRef = C2FDC5752968787200845C9F /* LabJanSixthApp.swift */; };
		C2FDC5782968787200845C9F /* ContentView.swift in Sources */ = {isa = PBXBuildFile; fileRef = C2FDC5772968787200845C9F /* ContentView.swift */; };
		C2FDC57A2968787300845C9F /* Assets.xcassets in Resources */ = {isa = PBXBuildFile; fileRef = C2FDC5792968787300845C9F /* Assets.xcassets */; };
		C2FDC57D2968787300845C9F /* Preview Assets.xcassets in Resources */ = {isa = PBXBuildFile; fileRef = C2FDC57C2968787300845C9F /* Preview Assets.xcassets */; };
		C2FDC5872968787400845C9F /* LabJanSixthTests.swift in Sources */ = {isa = PBXBuildFile; fileRef = C2FDC5862968787400845C9F /* LabJanSixthTests.swift */; };
		C2FDC5912968787400845C9F /* LabJanSixthUITests.swift in Sources */ = {isa = PBXBuildFile; fileRef = C2FDC5902968787400845C9F /* LabJanSixthUITests.swift */; };
		C2FDC5932968787400845C9F /* LabJanSixthUITestsLaunchTests.swift in Sources */ = {isa = PBXBuildFile; fileRef = C2FDC5922968787400845C9F /* LabJanSixthUITestsLaunchTests.swift */; };
/* End PBXBuildFile section */

/* Begin PBXContainerItemProxy section */
		C2FDC5832968787400845C9F /* PBXContainerItemProxy */ = {
			isa = PBXContainerItemProxy;
			containerPortal = C2FDC56A2968787200845C9F /* Project object */;
			proxyType = 1;
			remoteGlobalIDString = C2FDC5712968787200845C9F;
			remoteInfo = LabJanSixth;
		};
		C2FDC58D2968787400845C9F /* PBXContainerItemProxy */ = {
			isa = PBXContainerItemProxy;
			containerPortal = C2FDC56A2968787200845C9F /* Project object */;
			proxyType = 1;
			remoteGlobalIDString = C2FDC5712968787200845C9F;
			remoteInfo = LabJanSixth;
		};
/* End PBXContainerItemProxy section */

/* Begin PBXFileReference section */
		C2FDC5722968787200845C9F /* LabJanSixth.app */ = {isa = PBXFileReference; explicitFileType = wrapper.application; includeInIndex = 0; path = LabJanSixth.app; sourceTree = BUILT_PRODUCTS_DIR; };
		C2FDC5752968787200845C9F /* LabJanSixthApp.swift */ = {isa = PBXFileReference; lastKnownFileType = sourcecode.swift; path = LabJanSixthApp.swift; sourceTree = "<group>"; };
		C2FDC5772968787200845C9F /* ContentView.swift */ = {isa = PBXFileReference; lastKnownFileType = sourcecode.swift; path = ContentView.swift; sourceTree = "<group>"; };
		C2FDC5792968787300845C9F /* Assets.xcassets */ = {isa = PBXFileReference; lastKnownFileType = folder.assetcatalog; path = Assets.xcassets; sourceTree = "<group>"; };
		C2FDC57C2968787300845C9F /* Preview Assets.xcassets */ = {isa = PBXFileReference; lastKnownFileType = folder.assetcatalog; path = "Preview Assets.xcassets"; sourceTree = "<group>"; };
		C2FDC5822968787400845C9F /* LabJanSixthTests.xctest */ = {isa = PBXFileReference; explicitFileType = wrapper.cfbundle; includeInIndex = 0; path = LabJanSixthTests.xctest; sourceTree = BUILT_PRODUCTS_DIR; };
		C2FDC5862968787400845C9F /* LabJanSixthTests.swift */ = {isa = PBXFileReference; lastKnownFileType = sourcecode.swift; path = LabJanSixthTests.swift; sourceTree = "<group>"; };
		C2FDC58C2968787400845C9F /* LabJanSixthUITests.xctest */ = {isa = PBXFileReference; explicitFileType = wrapper.cfbundle; includeInIndex = 0; path = LabJanSixthUITests.xctest; sourceTree = BUILT_PRODUCTS_DIR; };
		C2FDC5902968787400845C9F /* LabJanSixthUITests.swift */ = {isa = PBXFileReference; lastKnownFileType = sourcecode.swift; path = LabJanSixthUITests.swift; sourceTree = "<group>"; };
		C2FDC5922968787400845C9F /* LabJanSixthUITestsLaunchTests.swift */ = {isa = PBXFileReference; lastKnownFileType = sourcecode.swift; path = LabJanSixthUITestsLaunchTests.swift; sourceTree = "<group>"; };
/* End PBXFileReference section */

/* Begin PBXFrameworksBuildPhase section */
		C2FDC56F2968787200845C9F /* Frameworks */ = {
			isa = PBXFrameworksBuildPhase;
			buildActionMask = 2147483647;
			files = (
			);
			runOnlyForDeploymentPostprocessing = 0;
		};
		C2FDC57F2968787400845C9F /* Frameworks */ = {
			isa = PBXFrameworksBuildPhase;
			buildActionMask = 2147483647;
			files = (
			);
			runOnlyForDeploymentPostprocessing = 0;
		};
		C2FDC5892968787400845C9F /* Frameworks */ = {
			isa = PBXFrameworksBuildPhase;
			buildActionMask = 2147483647;
			files = (
			);
			runOnlyForDeploymentPostprocessing = 0;
		};
/* End PBXFrameworksBuildPhase section */

/* Begin PBXGroup section */
		C2FDC5692968787200845C9F = {
			isa = PBXGroup;
			children = (
				C2FDC5742968787200845C9F /* LabJanSixth */,
				C2FDC5852968787400845C9F /* LabJanSixthTests */,
				C2FDC58F2968787400845C9F /* LabJanSixthUITests */,
				C2FDC5732968787200845C9F /* Products */,
			);
			sourceTree = "<group>";
		};
		C2FDC5732968787200845C9F /* Products */ = {
			isa = PBXGroup;
			children = (
				C2FDC5722968787200845C9F /* LabJanSixth.app */,
				C2FDC5822968787400845C9F /* LabJanSixthTests.xctest */,
				C2FDC58C2968787400845C9F /* LabJanSixthUITests.xctest */,
			);
			name = Products;
			sourceTree = "<group>";
		};
		C2FDC5742968787200845C9F /* LabJanSixth */ = {
			isa = PBXGroup;
			children = (
				C2FDC5752968787200845C9F /* LabJanSixthApp.swift */,
				C2FDC5772968787200845C9F /* ContentView.swift */,
				C2FDC5792968787300845C9F /* Assets.xcassets */,
				C2FDC57B2968787300845C9F /* Preview Content */,
			);
			path = LabJanSixth;
			sourceTree = "<group>";
		};
		C2FDC57B2968787300845C9F /* Preview Content */ = {
			isa = PBXGroup;
			children = (
				C2FDC57C2968787300845C9F /* Preview Assets.xcassets */,
			);
			path = "Preview Content";
			sourceTree = "<group>";
		};
		C2FDC5852968787400845C9F /* LabJanSixthTests */ = {
			isa = PBXGroup;
			children = (
				C2FDC5862968787400845C9F /* LabJanSixthTests.swift */,
			);
			path = LabJanSixthTests;
			sourceTree = "<group>";
		};
		C2FDC58F2968787400845C9F /* LabJanSixthUITests */ = {
			isa = PBXGroup;
			children = (
				C2FDC5902968787400845C9F /* LabJanSixthUITests.swift */,
				C2FDC5922968787400845C9F /* LabJanSixthUITestsLaunchTests.swift */,
			);
			path = LabJanSixthUITests;
			sourceTree = "<group>";
		};
/* End PBXGroup section */

/* Begin PBXNativeTarget section */
		C2FDC5712968787200845C9F /* LabJanSixth */ = {
			isa = PBXNativeTarget;
			buildConfigurationList = C2FDC5962968787400845C9F /* Build configuration list for PBXNativeTarget "LabJanSixth" */;
			buildPhases = (
				C2FDC56E2968787200845C9F /* Sources */,
				C2FDC56F2968787200845C9F /* Frameworks */,
				C2FDC5702968787200845C9F /* Resources */,
			);
			buildRules = (
			);
			dependencies = (
			);
			name = LabJanSixth;
			productName = LabJanSixth;
			productReference = C2FDC5722968787200845C9F /* LabJanSixth.app */;
			productType = "com.apple.product-type.application";
		};
		C2FDC5812968787400845C9F /* LabJanSixthTests */ = {
			isa = PBXNativeTarget;
			buildConfigurationList = C2FDC5992968787400845C9F /* Build configuration list for PBXNativeTarget "LabJanSixthTests" */;
			buildPhases = (
				C2FDC57E2968787400845C9F /* Sources */,
				C2FDC57F2968787400845C9F /* Frameworks */,
				C2FDC5802968787400845C9F /* Resources */,
			);
			buildRules = (
			);
			dependencies = (
				C2FDC5842968787400845C9F /* PBXTargetDependency */,
			);
			name = LabJanSixthTests;
			productName = LabJanSixthTests;
			productReference = C2FDC5822968787400845C9F /* LabJanSixthTests.xctest */;
			productType = "com.apple.product-type.bundle.unit-test";
		};
		C2FDC58B2968787400845C9F /* LabJanSixthUITests */ = {
			isa = PBXNativeTarget;
			buildConfigurationList = C2FDC59C2968787400845C9F /* Build configuration list for PBXNativeTarget "LabJanSixthUITests" */;
			buildPhases = (
				C2FDC5882968787400845C9F /* Sources */,
				C2FDC5892968787400845C9F /* Frameworks */,
				C2FDC58A2968787400845C9F /* Resources */,
			);
			buildRules = (
			);
			dependencies = (
				C2FDC58E2968787400845C9F /* PBXTargetDependency */,
			);
			name = LabJanSixthUITests;
			productName = LabJanSixthUITests;
			productReference = C2FDC58C2968787400845C9F /* LabJanSixthUITests.xctest */;
			productType = "com.apple.product-type.bundle.ui-testing";
		};
/* End PBXNativeTarget section */

/* Begin PBXProject section */
		C2FDC56A2968787200845C9F /* Project object */ = {
			isa = PBXProject;
			attributes = {
				BuildIndependentTargetsInParallel = 1;
				LastSwiftUpdateCheck = 1400;
				LastUpgradeCheck = 1400;
				TargetAttributes = {
					C2FDC5712968787200845C9F = {
						CreatedOnToolsVersion = 14.0.1;
					};
					C2FDC5812968787400845C9F = {
						CreatedOnToolsVersion = 14.0.1;
						TestTargetID = C2FDC5712968787200845C9F;
					};
					C2FDC58B2968787400845C9F = {
						CreatedOnToolsVersion = 14.0.1;
						TestTargetID = C2FDC5712968787200845C9F;
					};
				};
			};
			buildConfigurationList = C2FDC56D2968787200845C9F /* Build configuration list for PBXProject "LabJanSixth" */;
			compatibilityVersion = "Xcode 14.0";
			developmentRegion = en;
			hasScannedForEncodings = 0;
			knownRegions = (
				en,
				Base,
			);
			mainGroup = C2FDC5692968787200845C9F;
			productRefGroup = C2FDC5732968787200845C9F /* Products */;
			projectDirPath = "";
			projectRoot = "";
			targets = (
				C2FDC5712968787200845C9F /* LabJanSixth */,
				C2FDC5812968787400845C9F /* LabJanSixthTests */,
				C2FDC58B2968787400845C9F /* LabJanSixthUITests */,
			);
		};
/* End PBXProject section */

/* Begin PBXResourcesBuildPhase section */
		C2FDC5702968787200845C9F /* Resources */ = {
			isa = PBXResourcesBuildPhase;
			buildActionMask = 2147483647;
			files = (
				C2FDC57D2968787300845C9F /* Preview Assets.xcassets in Resources */,
				C2FDC57A2968787300845C9F /* Assets.xcassets in Resources */,
			);
			runOnlyForDeploymentPostprocessing = 0;
		};
		C2FDC5802968787400845C9F /* Resources */ = {
			isa = PBXResourcesBuildPhase;
			buildActionMask = 2147483647;
			files = (
			);
			runOnlyForDeploymentPostprocessing = 0;
		};
		C2FDC58A2968787400845C9F /* Resources */ = {
			isa = PBXResourcesBuildPhase;
			buildActionMask = 2147483647;
			files = (
			);
			runOnlyForDeploymentPostprocessing = 0;
		};
/* End PBXResourcesBuildPhase section */

/* Begin PBXSourcesBuildPhase section */
		C2FDC56E2968787200845C9F /* Sources */ = {
			isa = PBXSourcesBuildPhase;
			buildActionMask = 2147483647;
			files = (
				C2FDC5782968787200845C9F /* ContentView.swift in Sources */,
				C2FDC5762968787200845C9F /* LabJanSixthApp.swift in Sources */,
			);
			runOnlyForDeploymentPostprocessing = 0;
		};
		C2FDC57E2968787400845C9F /* Sources */ = {
			isa = PBXSourcesBuildPhase;
			buildActionMask = 2147483647;
			files = (
				C2FDC5872968787400845C9F /* LabJanSixthTests.swift in Sources */,
			);
			runOnlyForDeploymentPostprocessing = 0;
		};
		C2FDC5882968787400845C9F /* Sources */ = {
			isa = PBXSourcesBuildPhase;
			buildActionMask = 2147483647;
			files = (
				C2FDC5912968787400845C9F /* LabJanSixthUITests.swift in Sources */,
				C2FDC5932968787400845C9F /* LabJanSixthUITestsLaunchTests.swift in Sources */,
			);
			runOnlyForDeploymentPostprocessing = 0;
		};
/* End PBXSourcesBuildPhase section */

/* Begin PBXTargetDependency section */
		C2FDC5842968787400845C9F /* PBXTargetDependency */ = {
			isa = PBXTargetDependency;
			target = C2FDC5712968787200845C9F /* LabJanSixth */;
			targetProxy = C2FDC5832968787400845C9F /* PBXContainerItemProxy */;
		};
		C2FDC58E2968787400845C9F /* PBXTargetDependency */ = {
			isa = PBXTargetDependency;
			target = C2FDC5712968787200845C9F /* LabJanSixth */;
			targetProxy = C2FDC58D2968787400845C9F /* PBXContainerItemProxy */;
		};
/* End PBXTargetDependency section */

/* Begin XCBuildConfiguration section */
		C2FDC5942968787400845C9F /* Debug */ = {
			isa = XCBuildConfiguration;
			buildSettings = {
				ALWAYS_SEARCH_USER_PATHS = NO;
				CLANG_ANALYZER_NONNULL = YES;
				CLANG_ANALYZER_NUMBER_OBJECT_CONVERSION = YES_AGGRESSIVE;
				CLANG_CXX_LANGUAGE_STANDARD = "gnu++20";
				CLANG_ENABLE_MODULES = YES;
				CLANG_ENABLE_OBJC_ARC = YES;
				CLANG_ENABLE_OBJC_WEAK = YES;
				CLANG_WARN_BLOCK_CAPTURE_AUTORELEASING = YES;
				CLANG_WARN_BOOL_CONVERSION = YES;
				CLANG_WARN_COMMA = YES;
				CLANG_WARN_CONSTANT_CONVERSION = YES;
				CLANG_WARN_DEPRECATED_OBJC_IMPLEMENTATIONS = YES;
				CLANG_WARN_DIRECT_OBJC_ISA_USAGE = YES_ERROR;
				CLANG_WARN_DOCUMENTATION_COMMENTS = YES;
				CLANG_WARN_EMPTY_BODY = YES;
				CLANG_WARN_ENUM_CONVERSION = YES;
				CLANG_WARN_INFINITE_RECURSION = YES;
				CLANG_WARN_INT_CONVERSION = YES;
				CLANG_WARN_NON_LITERAL_NULL_CONVERSION = YES;
				CLANG_WARN_OBJC_IMPLICIT_RETAIN_SELF = YES;
				CLANG_WARN_OBJC_LITERAL_CONVERSION = YES;
				CLANG_WARN_OBJC_ROOT_CLASS = YES_ERROR;
				CLANG_WARN_QUOTED_INCLUDE_IN_FRAMEWORK_HEADER = YES;
				CLANG_WARN_RANGE_LOOP_ANALYSIS = YES;
				CLANG_WARN_STRICT_PROTOTYPES = YES;
				CLANG_WARN_SUSPICIOUS_MOVE = YES;
				CLANG_WARN_UNGUARDED_AVAILABILITY = YES_AGGRESSIVE;
				CLANG_WARN_UNREACHABLE_CODE = YES;
				CLANG_WARN__DUPLICATE_METHOD_MATCH = YES;
				COPY_PHASE_STRIP = NO;
				DEBUG_INFORMATION_FORMAT = dwarf;
				ENABLE_STRICT_OBJC_MSGSEND = YES;
				ENABLE_TESTABILITY = YES;
				GCC_C_LANGUAGE_STANDARD = gnu11;
				GCC_DYNAMIC_NO_PIC = NO;
				GCC_NO_COMMON_BLOCKS = YES;
				GCC_OPTIMIZATION_LEVEL = 0;
				GCC_PREPROCESSOR_DEFINITIONS = (
					"DEBUG=1",
					"$(inherited)",
				);
				GCC_WARN_64_TO_32_BIT_CONVERSION = YES;
				GCC_WARN_ABOUT_RETURN_TYPE = YES_ERROR;
				GCC_WARN_UNDECLARED_SELECTOR = YES;
				GCC_WARN_UNINITIALIZED_AUTOS = YES_AGGRESSIVE;
				GCC_WARN_UNUSED_FUNCTION = YES;
				GCC_WARN_UNUSED_VARIABLE = YES;
				IPHONEOS_DEPLOYMENT_TARGET = 16.0;
				MTL_ENABLE_DEBUG_INFO = INCLUDE_SOURCE;
				MTL_FAST_MATH = YES;
				ONLY_ACTIVE_ARCH = YES;
				SDKROOT = iphoneos;
				SWIFT_ACTIVE_COMPILATION_CONDITIONS = DEBUG;
				SWIFT_OPTIMIZATION_LEVEL = "-Onone";
			};
			name = Debug;
		};
		C2FDC5952968787400845C9F /* Release */ = {
			isa = XCBuildConfiguration;
			buildSettings = {
				ALWAYS_SEARCH_USER_PATHS = NO;
				CLANG_ANALYZER_NONNULL = YES;
				CLANG_ANALYZER_NUMBER_OBJECT_CONVERSION = YES_AGGRESSIVE;
				CLANG_CXX_LANGUAGE_STANDARD = "gnu++20";
				CLANG_ENABLE_MODULES = YES;
				CLANG_ENABLE_OBJC_ARC = YES;
				CLANG_ENABLE_OBJC_WEAK = YES;
				CLANG_WARN_BLOCK_CAPTURE_AUTORELEASING = YES;
				CLANG_WARN_BOOL_CONVERSION = YES;
				CLANG_WARN_COMMA = YES;
				CLANG_WARN_CONSTANT_CONVERSION = YES;
				CLANG_WARN_DEPRECATED_OBJC_IMPLEMENTATIONS = YES;
				CLANG_WARN_DIRECT_OBJC_ISA_USAGE = YES_ERROR;
				CLANG_WARN_DOCUMENTATION_COMMENTS = YES;
				CLANG_WARN_EMPTY_BODY = YES;
				CLANG_WARN_ENUM_CONVERSION = YES;
				CLANG_WARN_INFINITE_RECURSION = YES;
				CLANG_WARN_INT_CONVERSION = YES;
				CLANG_WARN_NON_LITERAL_NULL_CONVERSION = YES;
				CLANG_WARN_OBJC_IMPLICIT_RETAIN_SELF = YES;
				CLANG_WARN_OBJC_LITERAL_CONVERSION = YES;
				CLANG_WARN_OBJC_ROOT_CLASS = YES_ERROR;
				CLANG_WARN_QUOTED_INCLUDE_IN_FRAMEWORK_HEADER = YES;
				CLANG_WARN_RANGE_LOOP_ANALYSIS = YES;
				CLANG_WARN_STRICT_PROTOTYPES = YES;
				CLANG_WARN_SUSPICIOUS_MOVE = YES;
				CLANG_WARN_UNGUARDED_AVAILABILITY = YES_AGGRESSIVE;
				CLANG_WARN_UNREACHABLE_CODE = YES;
				CLANG_WARN__DUPLICATE_METHOD_MATCH = YES;
				COPY_PHASE_STRIP = NO;
				DEBUG_INFORMATION_FORMAT = "dwarf-with-dsym";
				ENABLE_NS_ASSERTIONS = NO;
				ENABLE_STRICT_OBJC_MSGSEND = YES;
				GCC_C_LANGUAGE_STANDARD = gnu11;
				GCC_NO_COMMON_BLOCKS = YES;
				GCC_WARN_64_TO_32_BIT_CONVERSION = YES;
				GCC_WARN_ABOUT_RETURN_TYPE = YES_ERROR;
				GCC_WARN_UNDECLARED_SELECTOR = YES;
				GCC_WARN_UNINITIALIZED_AUTOS = YES_AGGRESSIVE;
				GCC_WARN_UNUSED_FUNCTION = YES;
				GCC_WARN_UNUSED_VARIABLE = YES;
				IPHONEOS_DEPLOYMENT_TARGET = 16.0;
				MTL_ENABLE_DEBUG_INFO = NO;
				MTL_FAST_MATH = YES;
				SDKROOT = iphoneos;
				SWIFT_COMPILATION_MODE = wholemodule;
				SWIFT_OPTIMIZATION_LEVEL = "-O";
				VALIDATE_PRODUCT = YES;
			};
			name = Release;
		};
		C2FDC5972968787400845C9F /* Debug */ = {
			isa = XCBuildConfiguration;
			buildSettings = {
				ASSETCATALOG_COMPILER_APPICON_NAME = AppIcon;
				ASSETCATALOG_COMPILER_GLOBAL_ACCENT_COLOR_NAME = AccentColor;
				CODE_SIGN_STYLE = Automatic;
				CURRENT_PROJECT_VERSION = 1;
				DEVELOPMENT_ASSET_PATHS = "\"LabJanSixth/Preview Content\"";
				DEVELOPMENT_TEAM = GBG6DT3V62;
				ENABLE_PREVIEWS = YES;
				GENERATE_INFOPLIST_FILE = YES;
				INFOPLIST_KEY_UIApplicationSceneManifest_Generation = YES;
				INFOPLIST_KEY_UIApplicationSupportsIndirectInputEvents = YES;
				INFOPLIST_KEY_UILaunchScreen_Generation = YES;
				INFOPLIST_KEY_UISupportedInterfaceOrientations_iPad = "UIInterfaceOrientationPortrait UIInterfaceOrientationPortraitUpsideDown UIInterfaceOrientationLandscapeLeft UIInterfaceOrientationLandscapeRight";
				INFOPLIST_KEY_UISupportedInterfaceOrientations_iPhone = "UIInterfaceOrientationPortrait UIInterfaceOrientationLandscapeLeft UIInterfaceOrientationLandscapeRight";
				LD_RUNPATH_SEARCH_PATHS = (
					"$(inherited)",
					"@executable_path/Frameworks",
				);
				MARKETING_VERSION = 1.0;
				PRODUCT_BUNDLE_IDENTIFIER = steven.LabJanSixth;
				PRODUCT_NAME = "$(TARGET_NAME)";
				SWIFT_EMIT_LOC_STRINGS = YES;
				SWIFT_VERSION = 5.0;
				TARGETED_DEVICE_FAMILY = "1,2";
			};
			name = Debug;
		};
		C2FDC5982968787400845C9F /* Release */ = {
			isa = XCBuildConfiguration;
			buildSettings = {
				ASSETCATALOG_COMPILER_APPICON_NAME = AppIcon;
				ASSETCATALOG_COMPILER_GLOBAL_ACCENT_COLOR_NAME = AccentColor;
				CODE_SIGN_STYLE = Automatic;
				CURRENT_PROJECT_VERSION = 1;
				DEVELOPMENT_ASSET_PATHS = "\"LabJanSixth/Preview Content\"";
				DEVELOPMENT_TEAM = GBG6DT3V62;
				ENABLE_PREVIEWS = YES;
				GENERATE_INFOPLIST_FILE = YES;
				INFOPLIST_KEY_UIApplicationSceneManifest_Generation = YES;
				INFOPLIST_KEY_UIApplicationSupportsIndirectInputEvents = YES;
				INFOPLIST_KEY_UILaunchScreen_Generation = YES;
				INFOPLIST_KEY_UISupportedInterfaceOrientations_iPad = "UIInterfaceOrientationPortrait UIInterfaceOrientationPortraitUpsideDown UIInterfaceOrientationLandscapeLeft UIInterfaceOrientationLandscapeRight";
				INFOPLIST_KEY_UISupportedInterfaceOrientations_iPhone = "UIInterfaceOrientationPortrait UIInterfaceOrientationLandscapeLeft UIInterfaceOrientationLandscapeRight";
				LD_RUNPATH_SEARCH_PATHS = (
					"$(inherited)",
					"@executable_path/Frameworks",
				);
				MARKETING_VERSION = 1.0;
				PRODUCT_BUNDLE_IDENTIFIER = steven.LabJanSixth;
				PRODUCT_NAME = "$(TARGET_NAME)";
				SWIFT_EMIT_LOC_STRINGS = YES;
				SWIFT_VERSION = 5.0;
				TARGETED_DEVICE_FAMILY = "1,2";
			};
			name = Release;
		};
		C2FDC59A2968787400845C9F /* Debug */ = {
			isa = XCBuildConfiguration;
			buildSettings = {
				ALWAYS_EMBED_SWIFT_STANDARD_LIBRARIES = YES;
				BUNDLE_LOADER = "$(TEST_HOST)";
				CODE_SIGN_STYLE = Automatic;
				CURRENT_PROJECT_VERSION = 1;
				DEVELOPMENT_TEAM = GBG6DT3V62;
				GENERATE_INFOPLIST_FILE = YES;
				IPHONEOS_DEPLOYMENT_TARGET = 16.0;
				MARKETING_VERSION = 1.0;
				PRODUCT_BUNDLE_IDENTIFIER = steven.LabJanSixthTests;
				PRODUCT_NAME = "$(TARGET_NAME)";
				SWIFT_EMIT_LOC_STRINGS = NO;
				SWIFT_VERSION = 5.0;
				TARGETED_DEVICE_FAMILY = "1,2";
				TEST_HOST = "$(BUILT_PRODUCTS_DIR)/LabJanSixth.app/$(BUNDLE_EXECUTABLE_FOLDER_PATH)/LabJanSixth";
			};
			name = Debug;
		};
		C2FDC59B2968787400845C9F /* Release */ = {
			isa = XCBuildConfiguration;
			buildSettings = {
				ALWAYS_EMBED_SWIFT_STANDARD_LIBRARIES = YES;
				BUNDLE_LOADER = "$(TEST_HOST)";
				CODE_SIGN_STYLE = Automatic;
				CURRENT_PROJECT_VERSION = 1;
				DEVELOPMENT_TEAM = GBG6DT3V62;
				GENERATE_INFOPLIST_FILE = YES;
				IPHONEOS_DEPLOYMENT_TARGET = 16.0;
				MARKETING_VERSION = 1.0;
				PRODUCT_BUNDLE_IDENTIFIER = steven.LabJanSixthTests;
				PRODUCT_NAME = "$(TARGET_NAME)";
				SWIFT_EMIT_LOC_STRINGS = NO;
				SWIFT_VERSION = 5.0;
				TARGETED_DEVICE_FAMILY = "1,2";
				TEST_HOST = "$(BUILT_PRODUCTS_DIR)/LabJanSixth.app/$(BUNDLE_EXECUTABLE_FOLDER_PATH)/LabJanSixth";
			};
			name = Release;
		};
		C2FDC59D2968787400845C9F /* Debug */ = {
			isa = XCBuildConfiguration;
			buildSettings = {
				ALWAYS_EMBED_SWIFT_STANDARD_LIBRARIES = YES;
				CODE_SIGN_STYLE = Automatic;
				CURRENT_PROJECT_VERSION = 1;
				DEVELOPMENT_TEAM = GBG6DT3V62;
				GENERATE_INFOPLIST_FILE = YES;
				MARKETING_VERSION = 1.0;
				PRODUCT_BUNDLE_IDENTIFIER = steven.LabJanSixthUITests;
				PRODUCT_NAME = "$(TARGET_NAME)";
				SWIFT_EMIT_LOC_STRINGS = NO;
				SWIFT_VERSION = 5.0;
				TARGETED_DEVICE_FAMILY = "1,2";
				TEST_TARGET_NAME = LabJanSixth;
			};
			name = Debug;
		};
		C2FDC59E2968787400845C9F /* Release */ = {
			isa = XCBuildConfiguration;
			buildSettings = {
				ALWAYS_EMBED_SWIFT_STANDARD_LIBRARIES = YES;
				CODE_SIGN_STYLE = Automatic;
				CURRENT_PROJECT_VERSION = 1;
				DEVELOPMENT_TEAM = GBG6DT3V62;
				GENERATE_INFOPLIST_FILE = YES;
				MARKETING_VERSION = 1.0;
				PRODUCT_BUNDLE_IDENTIFIER = steven.LabJanSixthUITests;
				PRODUCT_NAME = "$(TARGET_NAME)";
				SWIFT_EMIT_LOC_STRINGS = NO;
				SWIFT_VERSION = 5.0;
				TARGETED_DEVICE_FAMILY = "1,2";
				TEST_TARGET_NAME = LabJanSixth;
			};
			name = Release;
		};
/* End XCBuildConfiguration section */

/* Begin XCConfigurationList section */
		C2FDC56D2968787200845C9F /* Build configuration list for PBXProject "LabJanSixth" */ = {
			isa = XCConfigurationList;
			buildConfigurations = (
				C2FDC5942968787400845C9F /* Debug */,
				C2FDC5952968787400845C9F /* Release */,
			);
			defaultConfigurationIsVisible = 0;
			defaultConfigurationName = Release;
		};
		C2FDC5962968787400845C9F /* Build configuration list for PBXNativeTarget "LabJanSixth" */ = {
			isa = XCConfigurationList;
			buildConfigurations = (
				C2FDC5972968787400845C9F /* Debug */,
				C2FDC5982968787400845C9F /* Release */,
			);
			defaultConfigurationIsVisible = 0;
			defaultConfigurationName = Release;
		};
		C2FDC5992968787400845C9F /* Build configuration list for PBXNativeTarget "LabJanSixthTests" */ = {
			isa = XCConfigurationList;
			buildConfigurations = (
				C2FDC59A2968787400845C9F /* Debug */,
				C2FDC59B2968787400845C9F /* Release */,
			);
			defaultConfigurationIsVisible = 0;
			defaultConfigurationName = Release;
		};
		C2FDC59C2968787400845C9F /* Build configuration list for PBXNativeTarget "LabJanSixthUITests" */ = {
			isa = XCConfigurationList;
			buildConfigurations = (
				C2FDC59D2968787400845C9F /* Debug */,
				C2FDC59E2968787400845C9F /* Release */,
			);
			defaultConfigurationIsVisible = 0;
			defaultConfigurationName = Release;
		};
/* End XCConfigurationList section */
	};
	rootObject = C2FDC56A2968787200845C9F /* Project object */;
}
