// !$*UTF8*$!
{
	archiveVersion = 1;
	classes = {
	};
	objectVersion = 55;
	objects = {

/* Begin PBXBuildFile section */
		C26519CC28EC963F00B651C2 /* AppDelegate.swift in Sources */ = {isa = PBXBuildFile; fileRef = C26519CB28EC963F00B651C2 /* AppDelegate.swift */; };
		C26519CE28EC963F00B651C2 /* SceneDelegate.swift in Sources */ = {isa = PBXBuildFile; fileRef = C26519CD28EC963F00B651C2 /* SceneDelegate.swift */; };
		C26519D028EC963F00B651C2 /* ViewController.swift in Sources */ = {isa = PBXBuildFile; fileRef = C26519CF28EC963F00B651C2 /* ViewController.swift */; };
		C26519D328EC963F00B651C2 /* Main.storyboard in Resources */ = {isa = PBXBuildFile; fileRef = C26519D128EC963F00B651C2 /* Main.storyboard */; };
		C26519D528EC964100B651C2 /* Assets.xcassets in Resources */ = {isa = PBXBuildFile; fileRef = C26519D428EC964100B651C2 /* Assets.xcassets */; };
		C26519D828EC964100B651C2 /* LaunchScreen.storyboard in Resources */ = {isa = PBXBuildFile; fileRef = C26519D628EC964100B651C2 /* LaunchScreen.storyboard */; };
		C26519E328EC964100B651C2 /* apple_pieTests.swift in Sources */ = {isa = PBXBuildFile; fileRef = C26519E228EC964100B651C2 /* apple_pieTests.swift */; };
		C26519ED28EC964100B651C2 /* apple_pieUITests.swift in Sources */ = {isa = PBXBuildFile; fileRef = C26519EC28EC964100B651C2 /* apple_pieUITests.swift */; };
		C26519EF28EC964100B651C2 /* apple_pieUITestsLaunchTests.swift in Sources */ = {isa = PBXBuildFile; fileRef = C26519EE28EC964100B651C2 /* apple_pieUITestsLaunchTests.swift */; };
		C26519FC28ECA7FF00B651C2 /* File.swift in Sources */ = {isa = PBXBuildFile; fileRef = C26519FB28ECA7FF00B651C2 /* File.swift */; };
/* End PBXBuildFile section */

/* Begin PBXContainerItemProxy section */
		C26519DF28EC964100B651C2 /* PBXContainerItemProxy */ = {
			isa = PBXContainerItemProxy;
			containerPortal = C26519C028EC963F00B651C2 /* Project object */;
			proxyType = 1;
			remoteGlobalIDString = C26519C728EC963F00B651C2;
			remoteInfo = "apple pie";
		};
		C26519E928EC964100B651C2 /* PBXContainerItemProxy */ = {
			isa = PBXContainerItemProxy;
			containerPortal = C26519C028EC963F00B651C2 /* Project object */;
			proxyType = 1;
			remoteGlobalIDString = C26519C728EC963F00B651C2;
			remoteInfo = "apple pie";
		};
/* End PBXContainerItemProxy section */

/* Begin PBXFileReference section */
		C26519C828EC963F00B651C2 /* apple pie.app */ = {isa = PBXFileReference; explicitFileType = wrapper.application; includeInIndex = 0; path = "apple pie.app"; sourceTree = BUILT_PRODUCTS_DIR; };
		C26519CB28EC963F00B651C2 /* AppDelegate.swift */ = {isa = PBXFileReference; lastKnownFileType = sourcecode.swift; path = AppDelegate.swift; sourceTree = "<group>"; };
		C26519CD28EC963F00B651C2 /* SceneDelegate.swift */ = {isa = PBXFileReference; lastKnownFileType = sourcecode.swift; path = SceneDelegate.swift; sourceTree = "<group>"; };
		C26519CF28EC963F00B651C2 /* ViewController.swift */ = {isa = PBXFileReference; lastKnownFileType = sourcecode.swift; path = ViewController.swift; sourceTree = "<group>"; };
		C26519D228EC963F00B651C2 /* Base */ = {isa = PBXFileReference; lastKnownFileType = file.storyboard; name = Base; path = Base.lproj/Main.storyboard; sourceTree = "<group>"; };
		C26519D428EC964100B651C2 /* Assets.xcassets */ = {isa = PBXFileReference; lastKnownFileType = folder.assetcatalog; path = Assets.xcassets; sourceTree = "<group>"; };
		C26519D728EC964100B651C2 /* Base */ = {isa = PBXFileReference; lastKnownFileType = file.storyboard; name = Base; path = Base.lproj/LaunchScreen.storyboard; sourceTree = "<group>"; };
		C26519D928EC964100B651C2 /* Info.plist */ = {isa = PBXFileReference; lastKnownFileType = text.plist.xml; path = Info.plist; sourceTree = "<group>"; };
		C26519DE28EC964100B651C2 /* apple pieTests.xctest */ = {isa = PBXFileReference; explicitFileType = wrapper.cfbundle; includeInIndex = 0; path = "apple pieTests.xctest"; sourceTree = BUILT_PRODUCTS_DIR; };
		C26519E228EC964100B651C2 /* apple_pieTests.swift */ = {isa = PBXFileReference; lastKnownFileType = sourcecode.swift; path = apple_pieTests.swift; sourceTree = "<group>"; };
		C26519E828EC964100B651C2 /* apple pieUITests.xctest */ = {isa = PBXFileReference; explicitFileType = wrapper.cfbundle; includeInIndex = 0; path = "apple pieUITests.xctest"; sourceTree = BUILT_PRODUCTS_DIR; };
		C26519EC28EC964100B651C2 /* apple_pieUITests.swift */ = {isa = PBXFileReference; lastKnownFileType = sourcecode.swift; path = apple_pieUITests.swift; sourceTree = "<group>"; };
		C26519EE28EC964100B651C2 /* apple_pieUITestsLaunchTests.swift */ = {isa = PBXFileReference; lastKnownFileType = sourcecode.swift; path = apple_pieUITestsLaunchTests.swift; sourceTree = "<group>"; };
		C26519FB28ECA7FF00B651C2 /* File.swift */ = {isa = PBXFileReference; lastKnownFileType = sourcecode.swift; path = File.swift; sourceTree = "<group>"; };
/* End PBXFileReference section */

/* Begin PBXFrameworksBuildPhase section */
		C26519C528EC963F00B651C2 /* Frameworks */ = {
			isa = PBXFrameworksBuildPhase;
			buildActionMask = 2147483647;
			files = (
			);
			runOnlyForDeploymentPostprocessing = 0;
		};
		C26519DB28EC964100B651C2 /* Frameworks */ = {
			isa = PBXFrameworksBuildPhase;
			buildActionMask = 2147483647;
			files = (
			);
			runOnlyForDeploymentPostprocessing = 0;
		};
		C26519E528EC964100B651C2 /* Frameworks */ = {
			isa = PBXFrameworksBuildPhase;
			buildActionMask = 2147483647;
			files = (
			);
			runOnlyForDeploymentPostprocessing = 0;
		};
/* End PBXFrameworksBuildPhase section */

/* Begin PBXGroup section */
		C26519BF28EC963F00B651C2 = {
			isa = PBXGroup;
			children = (
				C26519CA28EC963F00B651C2 /* apple pie */,
				C26519E128EC964100B651C2 /* apple pieTests */,
				C26519EB28EC964100B651C2 /* apple pieUITests */,
				C26519C928EC963F00B651C2 /* Products */,
			);
			sourceTree = "<group>";
		};
		C26519C928EC963F00B651C2 /* Products */ = {
			isa = PBXGroup;
			children = (
				C26519C828EC963F00B651C2 /* apple pie.app */,
				C26519DE28EC964100B651C2 /* apple pieTests.xctest */,
				C26519E828EC964100B651C2 /* apple pieUITests.xctest */,
			);
			name = Products;
			sourceTree = "<group>";
		};
		C26519CA28EC963F00B651C2 /* apple pie */ = {
			isa = PBXGroup;
			children = (
				C26519CB28EC963F00B651C2 /* AppDelegate.swift */,
				C26519CD28EC963F00B651C2 /* SceneDelegate.swift */,
				C26519CF28EC963F00B651C2 /* ViewController.swift */,
				C26519FB28ECA7FF00B651C2 /* File.swift */,
				C26519D128EC963F00B651C2 /* Main.storyboard */,
				C26519D428EC964100B651C2 /* Assets.xcassets */,
				C26519D628EC964100B651C2 /* LaunchScreen.storyboard */,
				C26519D928EC964100B651C2 /* Info.plist */,
			);
			path = "apple pie";
			sourceTree = "<group>";
		};
		C26519E128EC964100B651C2 /* apple pieTests */ = {
			isa = PBXGroup;
			children = (
				C26519E228EC964100B651C2 /* apple_pieTests.swift */,
			);
			path = "apple pieTests";
			sourceTree = "<group>";
		};
		C26519EB28EC964100B651C2 /* apple pieUITests */ = {
			isa = PBXGroup;
			children = (
				C26519EC28EC964100B651C2 /* apple_pieUITests.swift */,
				C26519EE28EC964100B651C2 /* apple_pieUITestsLaunchTests.swift */,
			);
			path = "apple pieUITests";
			sourceTree = "<group>";
		};
/* End PBXGroup section */

/* Begin PBXNativeTarget section */
		C26519C728EC963F00B651C2 /* apple pie */ = {
			isa = PBXNativeTarget;
			buildConfigurationList = C26519F228EC964100B651C2 /* Build configuration list for PBXNativeTarget "apple pie" */;
			buildPhases = (
				C26519C428EC963F00B651C2 /* Sources */,
				C26519C528EC963F00B651C2 /* Frameworks */,
				C26519C628EC963F00B651C2 /* Resources */,
			);
			buildRules = (
			);
			dependencies = (
			);
			name = "apple pie";
			productName = "apple pie";
			productReference = C26519C828EC963F00B651C2 /* apple pie.app */;
			productType = "com.apple.product-type.application";
		};
		C26519DD28EC964100B651C2 /* apple pieTests */ = {
			isa = PBXNativeTarget;
			buildConfigurationList = C26519F528EC964100B651C2 /* Build configuration list for PBXNativeTarget "apple pieTests" */;
			buildPhases = (
				C26519DA28EC964100B651C2 /* Sources */,
				C26519DB28EC964100B651C2 /* Frameworks */,
				C26519DC28EC964100B651C2 /* Resources */,
			);
			buildRules = (
			);
			dependencies = (
				C26519E028EC964100B651C2 /* PBXTargetDependency */,
			);
			name = "apple pieTests";
			productName = "apple pieTests";
			productReference = C26519DE28EC964100B651C2 /* apple pieTests.xctest */;
			productType = "com.apple.product-type.bundle.unit-test";
		};
		C26519E728EC964100B651C2 /* apple pieUITests */ = {
			isa = PBXNativeTarget;
			buildConfigurationList = C26519F828EC964100B651C2 /* Build configuration list for PBXNativeTarget "apple pieUITests" */;
			buildPhases = (
				C26519E428EC964100B651C2 /* Sources */,
				C26519E528EC964100B651C2 /* Frameworks */,
				C26519E628EC964100B651C2 /* Resources */,
			);
			buildRules = (
			);
			dependencies = (
				C26519EA28EC964100B651C2 /* PBXTargetDependency */,
			);
			name = "apple pieUITests";
			productName = "apple pieUITests";
			productReference = C26519E828EC964100B651C2 /* apple pieUITests.xctest */;
			productType = "com.apple.product-type.bundle.ui-testing";
		};
/* End PBXNativeTarget section */

/* Begin PBXProject section */
		C26519C028EC963F00B651C2 /* Project object */ = {
			isa = PBXProject;
			attributes = {
				BuildIndependentTargetsInParallel = 1;
				LastSwiftUpdateCheck = 1340;
				LastUpgradeCheck = 1340;
				TargetAttributes = {
					C26519C728EC963F00B651C2 = {
						CreatedOnToolsVersion = 13.4.1;
					};
					C26519DD28EC964100B651C2 = {
						CreatedOnToolsVersion = 13.4.1;
						TestTargetID = C26519C728EC963F00B651C2;
					};
					C26519E728EC964100B651C2 = {
						CreatedOnToolsVersion = 13.4.1;
						TestTargetID = C26519C728EC963F00B651C2;
					};
				};
			};
			buildConfigurationList = C26519C328EC963F00B651C2 /* Build configuration list for PBXProject "apple pie" */;
			compatibilityVersion = "Xcode 13.0";
			developmentRegion = en;
			hasScannedForEncodings = 0;
			knownRegions = (
				en,
				Base,
			);
			mainGroup = C26519BF28EC963F00B651C2;
			productRefGroup = C26519C928EC963F00B651C2 /* Products */;
			projectDirPath = "";
			projectRoot = "";
			targets = (
				C26519C728EC963F00B651C2 /* apple pie */,
				C26519DD28EC964100B651C2 /* apple pieTests */,
				C26519E728EC964100B651C2 /* apple pieUITests */,
			);
		};
/* End PBXProject section */

/* Begin PBXResourcesBuildPhase section */
		C26519C628EC963F00B651C2 /* Resources */ = {
			isa = PBXResourcesBuildPhase;
			buildActionMask = 2147483647;
			files = (
				C26519D828EC964100B651C2 /* LaunchScreen.storyboard in Resources */,
				C26519D528EC964100B651C2 /* Assets.xcassets in Resources */,
				C26519D328EC963F00B651C2 /* Main.storyboard in Resources */,
			);
			runOnlyForDeploymentPostprocessing = 0;
		};
		C26519DC28EC964100B651C2 /* Resources */ = {
			isa = PBXResourcesBuildPhase;
			buildActionMask = 2147483647;
			files = (
			);
			runOnlyForDeploymentPostprocessing = 0;
		};
		C26519E628EC964100B651C2 /* Resources */ = {
			isa = PBXResourcesBuildPhase;
			buildActionMask = 2147483647;
			files = (
			);
			runOnlyForDeploymentPostprocessing = 0;
		};
/* End PBXResourcesBuildPhase section */

/* Begin PBXSourcesBuildPhase section */
		C26519C428EC963F00B651C2 /* Sources */ = {
			isa = PBXSourcesBuildPhase;
			buildActionMask = 2147483647;
			files = (
				C26519D028EC963F00B651C2 /* ViewController.swift in Sources */,
				C26519FC28ECA7FF00B651C2 /* File.swift in Sources */,
				C26519CC28EC963F00B651C2 /* AppDelegate.swift in Sources */,
				C26519CE28EC963F00B651C2 /* SceneDelegate.swift in Sources */,
			);
			runOnlyForDeploymentPostprocessing = 0;
		};
		C26519DA28EC964100B651C2 /* Sources */ = {
			isa = PBXSourcesBuildPhase;
			buildActionMask = 2147483647;
			files = (
				C26519E328EC964100B651C2 /* apple_pieTests.swift in Sources */,
			);
			runOnlyForDeploymentPostprocessing = 0;
		};
		C26519E428EC964100B651C2 /* Sources */ = {
			isa = PBXSourcesBuildPhase;
			buildActionMask = 2147483647;
			files = (
				C26519EF28EC964100B651C2 /* apple_pieUITestsLaunchTests.swift in Sources */,
				C26519ED28EC964100B651C2 /* apple_pieUITests.swift in Sources */,
			);
			runOnlyForDeploymentPostprocessing = 0;
		};
/* End PBXSourcesBuildPhase section */

/* Begin PBXTargetDependency section */
		C26519E028EC964100B651C2 /* PBXTargetDependency */ = {
			isa = PBXTargetDependency;
			target = C26519C728EC963F00B651C2 /* apple pie */;
			targetProxy = C26519DF28EC964100B651C2 /* PBXContainerItemProxy */;
		};
		C26519EA28EC964100B651C2 /* PBXTargetDependency */ = {
			isa = PBXTargetDependency;
			target = C26519C728EC963F00B651C2 /* apple pie */;
			targetProxy = C26519E928EC964100B651C2 /* PBXContainerItemProxy */;
		};
/* End PBXTargetDependency section */

/* Begin PBXVariantGroup section */
		C26519D128EC963F00B651C2 /* Main.storyboard */ = {
			isa = PBXVariantGroup;
			children = (
				C26519D228EC963F00B651C2 /* Base */,
			);
			name = Main.storyboard;
			sourceTree = "<group>";
		};
		C26519D628EC964100B651C2 /* LaunchScreen.storyboard */ = {
			isa = PBXVariantGroup;
			children = (
				C26519D728EC964100B651C2 /* Base */,
			);
			name = LaunchScreen.storyboard;
			sourceTree = "<group>";
		};
/* End PBXVariantGroup section */

/* Begin XCBuildConfiguration section */
		C26519F028EC964100B651C2 /* Debug */ = {
			isa = XCBuildConfiguration;
			buildSettings = {
				ALWAYS_SEARCH_USER_PATHS = NO;
				CLANG_ANALYZER_NONNULL = YES;
				CLANG_ANALYZER_NUMBER_OBJECT_CONVERSION = YES_AGGRESSIVE;
				CLANG_CXX_LANGUAGE_STANDARD = "gnu++17";
				CLANG_ENABLE_MODULES = YES;
				CLANG_ENABLE_OBJC_ARC = YES;
				CLANG_ENABLE_OBJC_WEAK = YES;
				CLANG_WARN_BLOCK_CAPTURE_AUTORELEASING = YES;
				CLANG_WARN_BOOL_CONVERSION = YES;
				CLANG_WARN_COMMA = YES;
				CLANG_WARN_CONSTANT_CONVERSION = YES;
				CLANG_WARN_DEPRECATED_OBJC_IMPLEMENTATIONS = YES;
				CLANG_WARN_DIRECT_OBJC_ISA_USAGE = YES_ERROR;
				CLANG_WARN_DOCUMENTATION_COMMENTS = YES;
				CLANG_WARN_EMPTY_BODY = YES;
				CLANG_WARN_ENUM_CONVERSION = YES;
				CLANG_WARN_INFINITE_RECURSION = YES;
				CLANG_WARN_INT_CONVERSION = YES;
				CLANG_WARN_NON_LITERAL_NULL_CONVERSION = YES;
				CLANG_WARN_OBJC_IMPLICIT_RETAIN_SELF = YES;
				CLANG_WARN_OBJC_LITERAL_CONVERSION = YES;
				CLANG_WARN_OBJC_ROOT_CLASS = YES_ERROR;
				CLANG_WARN_QUOTED_INCLUDE_IN_FRAMEWORK_HEADER = YES;
				CLANG_WARN_RANGE_LOOP_ANALYSIS = YES;
				CLANG_WARN_STRICT_PROTOTYPES = YES;
				CLANG_WARN_SUSPICIOUS_MOVE = YES;
				CLANG_WARN_UNGUARDED_AVAILABILITY = YES_AGGRESSIVE;
				CLANG_WARN_UNREACHABLE_CODE = YES;
				CLANG_WARN__DUPLICATE_METHOD_MATCH = YES;
				COPY_PHASE_STRIP = NO;
				DEBUG_INFORMATION_FORMAT = dwarf;
				ENABLE_STRICT_OBJC_MSGSEND = YES;
				ENABLE_TESTABILITY = YES;
				GCC_C_LANGUAGE_STANDARD = gnu11;
				GCC_DYNAMIC_NO_PIC = NO;
				GCC_NO_COMMON_BLOCKS = YES;
				GCC_OPTIMIZATION_LEVEL = 0;
				GCC_PREPROCESSOR_DEFINITIONS = (
					"DEBUG=1",
					"$(inherited)",
				);
				GCC_WARN_64_TO_32_BIT_CONVERSION = YES;
				GCC_WARN_ABOUT_RETURN_TYPE = YES_ERROR;
				GCC_WARN_UNDECLARED_SELECTOR = YES;
				GCC_WARN_UNINITIALIZED_AUTOS = YES_AGGRESSIVE;
				GCC_WARN_UNUSED_FUNCTION = YES;
				GCC_WARN_UNUSED_VARIABLE = YES;
				IPHONEOS_DEPLOYMENT_TARGET = 15.5;
				MTL_ENABLE_DEBUG_INFO = INCLUDE_SOURCE;
				MTL_FAST_MATH = YES;
				ONLY_ACTIVE_ARCH = YES;
				SDKROOT = iphoneos;
				SWIFT_ACTIVE_COMPILATION_CONDITIONS = DEBUG;
				SWIFT_OPTIMIZATION_LEVEL = "-Onone";
			};
			name = Debug;
		};
		C26519F128EC964100B651C2 /* Release */ = {
			isa = XCBuildConfiguration;
			buildSettings = {
				ALWAYS_SEARCH_USER_PATHS = NO;
				CLANG_ANALYZER_NONNULL = YES;
				CLANG_ANALYZER_NUMBER_OBJECT_CONVERSION = YES_AGGRESSIVE;
				CLANG_CXX_LANGUAGE_STANDARD = "gnu++17";
				CLANG_ENABLE_MODULES = YES;
				CLANG_ENABLE_OBJC_ARC = YES;
				CLANG_ENABLE_OBJC_WEAK = YES;
				CLANG_WARN_BLOCK_CAPTURE_AUTORELEASING = YES;
				CLANG_WARN_BOOL_CONVERSION = YES;
				CLANG_WARN_COMMA = YES;
				CLANG_WARN_CONSTANT_CONVERSION = YES;
				CLANG_WARN_DEPRECATED_OBJC_IMPLEMENTATIONS = YES;
				CLANG_WARN_DIRECT_OBJC_ISA_USAGE = YES_ERROR;
				CLANG_WARN_DOCUMENTATION_COMMENTS = YES;
				CLANG_WARN_EMPTY_BODY = YES;
				CLANG_WARN_ENUM_CONVERSION = YES;
				CLANG_WARN_INFINITE_RECURSION = YES;
				CLANG_WARN_INT_CONVERSION = YES;
				CLANG_WARN_NON_LITERAL_NULL_CONVERSION = YES;
				CLANG_WARN_OBJC_IMPLICIT_RETAIN_SELF = YES;
				CLANG_WARN_OBJC_LITERAL_CONVERSION = YES;
				CLANG_WARN_OBJC_ROOT_CLASS = YES_ERROR;
				CLANG_WARN_QUOTED_INCLUDE_IN_FRAMEWORK_HEADER = YES;
				CLANG_WARN_RANGE_LOOP_ANALYSIS = YES;
				CLANG_WARN_STRICT_PROTOTYPES = YES;
				CLANG_WARN_SUSPICIOUS_MOVE = YES;
				CLANG_WARN_UNGUARDED_AVAILABILITY = YES_AGGRESSIVE;
				CLANG_WARN_UNREACHABLE_CODE = YES;
				CLANG_WARN__DUPLICATE_METHOD_MATCH = YES;
				COPY_PHASE_STRIP = NO;
				DEBUG_INFORMATION_FORMAT = "dwarf-with-dsym";
				ENABLE_NS_ASSERTIONS = NO;
				ENABLE_STRICT_OBJC_MSGSEND = YES;
				GCC_C_LANGUAGE_STANDARD = gnu11;
				GCC_NO_COMMON_BLOCKS = YES;
				GCC_WARN_64_TO_32_BIT_CONVERSION = YES;
				GCC_WARN_ABOUT_RETURN_TYPE = YES_ERROR;
				GCC_WARN_UNDECLARED_SELECTOR = YES;
				GCC_WARN_UNINITIALIZED_AUTOS = YES_AGGRESSIVE;
				GCC_WARN_UNUSED_FUNCTION = YES;
				GCC_WARN_UNUSED_VARIABLE = YES;
				IPHONEOS_DEPLOYMENT_TARGET = 15.5;
				MTL_ENABLE_DEBUG_INFO = NO;
				MTL_FAST_MATH = YES;
				SDKROOT = iphoneos;
				SWIFT_COMPILATION_MODE = wholemodule;
				SWIFT_OPTIMIZATION_LEVEL = "-O";
				VALIDATE_PRODUCT = YES;
			};
			name = Release;
		};
		C26519F328EC964100B651C2 /* Debug */ = {
			isa = XCBuildConfiguration;
			buildSettings = {
				ASSETCATALOG_COMPILER_APPICON_NAME = AppIcon;
				ASSETCATALOG_COMPILER_GLOBAL_ACCENT_COLOR_NAME = AccentColor;
				CODE_SIGN_STYLE = Automatic;
				CURRENT_PROJECT_VERSION = 1;
				DEVELOPMENT_TEAM = GBG6DT3V62;
				GENERATE_INFOPLIST_FILE = YES;
				INFOPLIST_FILE = "apple pie/Info.plist";
				INFOPLIST_KEY_UIApplicationSupportsIndirectInputEvents = YES;
				INFOPLIST_KEY_UILaunchStoryboardName = LaunchScreen;
				INFOPLIST_KEY_UIMainStoryboardFile = Main;
				INFOPLIST_KEY_UISupportedInterfaceOrientations_iPad = "UIInterfaceOrientationPortrait UIInterfaceOrientationPortraitUpsideDown UIInterfaceOrientationLandscapeLeft UIInterfaceOrientationLandscapeRight";
				INFOPLIST_KEY_UISupportedInterfaceOrientations_iPhone = "UIInterfaceOrientationPortrait UIInterfaceOrientationLandscapeLeft UIInterfaceOrientationLandscapeRight";
				LD_RUNPATH_SEARCH_PATHS = (
					"$(inherited)",
					"@executable_path/Frameworks",
				);
				MARKETING_VERSION = 1.0;
				PRODUCT_BUNDLE_IDENTIFIER = "sept-2022.apple-pie";
				PRODUCT_NAME = "$(TARGET_NAME)";
				SWIFT_EMIT_LOC_STRINGS = YES;
				SWIFT_VERSION = 5.0;
				TARGETED_DEVICE_FAMILY = 2;
			};
			name = Debug;
		};
		C26519F428EC964100B651C2 /* Release */ = {
			isa = XCBuildConfiguration;
			buildSettings = {
				ASSETCATALOG_COMPILER_APPICON_NAME = AppIcon;
				ASSETCATALOG_COMPILER_GLOBAL_ACCENT_COLOR_NAME = AccentColor;
				CODE_SIGN_STYLE = Automatic;
				CURRENT_PROJECT_VERSION = 1;
				DEVELOPMENT_TEAM = GBG6DT3V62;
				GENERATE_INFOPLIST_FILE = YES;
				INFOPLIST_FILE = "apple pie/Info.plist";
				INFOPLIST_KEY_UIApplicationSupportsIndirectInputEvents = YES;
				INFOPLIST_KEY_UILaunchStoryboardName = LaunchScreen;
				INFOPLIST_KEY_UIMainStoryboardFile = Main;
				INFOPLIST_KEY_UISupportedInterfaceOrientations_iPad = "UIInterfaceOrientationPortrait UIInterfaceOrientationPortraitUpsideDown UIInterfaceOrientationLandscapeLeft UIInterfaceOrientationLandscapeRight";
				INFOPLIST_KEY_UISupportedInterfaceOrientations_iPhone = "UIInterfaceOrientationPortrait UIInterfaceOrientationLandscapeLeft UIInterfaceOrientationLandscapeRight";
				LD_RUNPATH_SEARCH_PATHS = (
					"$(inherited)",
					"@executable_path/Frameworks",
				);
				MARKETING_VERSION = 1.0;
				PRODUCT_BUNDLE_IDENTIFIER = "sept-2022.apple-pie";
				PRODUCT_NAME = "$(TARGET_NAME)";
				SWIFT_EMIT_LOC_STRINGS = YES;
				SWIFT_VERSION = 5.0;
				TARGETED_DEVICE_FAMILY = 2;
			};
			name = Release;
		};
		C26519F628EC964100B651C2 /* Debug */ = {
			isa = XCBuildConfiguration;
			buildSettings = {
				ALWAYS_EMBED_SWIFT_STANDARD_LIBRARIES = YES;
				BUNDLE_LOADER = "$(TEST_HOST)";
				CODE_SIGN_STYLE = Automatic;
				CURRENT_PROJECT_VERSION = 1;
				DEVELOPMENT_TEAM = GBG6DT3V62;
				GENERATE_INFOPLIST_FILE = YES;
				IPHONEOS_DEPLOYMENT_TARGET = 15.5;
				MARKETING_VERSION = 1.0;
				PRODUCT_BUNDLE_IDENTIFIER = "sept-2022.apple-pieTests";
				PRODUCT_NAME = "$(TARGET_NAME)";
				SWIFT_EMIT_LOC_STRINGS = NO;
				SWIFT_VERSION = 5.0;
				TARGETED_DEVICE_FAMILY = "1,2";
				TEST_HOST = "$(BUILT_PRODUCTS_DIR)/apple pie.app/apple pie";
			};
			name = Debug;
		};
		C26519F728EC964100B651C2 /* Release */ = {
			isa = XCBuildConfiguration;
			buildSettings = {
				ALWAYS_EMBED_SWIFT_STANDARD_LIBRARIES = YES;
				BUNDLE_LOADER = "$(TEST_HOST)";
				CODE_SIGN_STYLE = Automatic;
				CURRENT_PROJECT_VERSION = 1;
				DEVELOPMENT_TEAM = GBG6DT3V62;
				GENERATE_INFOPLIST_FILE = YES;
				IPHONEOS_DEPLOYMENT_TARGET = 15.5;
				MARKETING_VERSION = 1.0;
				PRODUCT_BUNDLE_IDENTIFIER = "sept-2022.apple-pieTests";
				PRODUCT_NAME = "$(TARGET_NAME)";
				SWIFT_EMIT_LOC_STRINGS = NO;
				SWIFT_VERSION = 5.0;
				TARGETED_DEVICE_FAMILY = "1,2";
				TEST_HOST = "$(BUILT_PRODUCTS_DIR)/apple pie.app/apple pie";
			};
			name = Release;
		};
		C26519F928EC964100B651C2 /* Debug */ = {
			isa = XCBuildConfiguration;
			buildSettings = {
				ALWAYS_EMBED_SWIFT_STANDARD_LIBRARIES = YES;
				CODE_SIGN_STYLE = Automatic;
				CURRENT_PROJECT_VERSION = 1;
				DEVELOPMENT_TEAM = GBG6DT3V62;
				GENERATE_INFOPLIST_FILE = YES;
				MARKETING_VERSION = 1.0;
				PRODUCT_BUNDLE_IDENTIFIER = "sept-2022.apple-pieUITests";
				PRODUCT_NAME = "$(TARGET_NAME)";
				SWIFT_EMIT_LOC_STRINGS = NO;
				SWIFT_VERSION = 5.0;
				TARGETED_DEVICE_FAMILY = "1,2";
				TEST_TARGET_NAME = "apple pie";
			};
			name = Debug;
		};
		C26519FA28EC964100B651C2 /* Release */ = {
			isa = XCBuildConfiguration;
			buildSettings = {
				ALWAYS_EMBED_SWIFT_STANDARD_LIBRARIES = YES;
				CODE_SIGN_STYLE = Automatic;
				CURRENT_PROJECT_VERSION = 1;
				DEVELOPMENT_TEAM = GBG6DT3V62;
				GENERATE_INFOPLIST_FILE = YES;
				MARKETING_VERSION = 1.0;
				PRODUCT_BUNDLE_IDENTIFIER = "sept-2022.apple-pieUITests";
				PRODUCT_NAME = "$(TARGET_NAME)";
				SWIFT_EMIT_LOC_STRINGS = NO;
				SWIFT_VERSION = 5.0;
				TARGETED_DEVICE_FAMILY = "1,2";
				TEST_TARGET_NAME = "apple pie";
			};
			name = Release;
		};
/* End XCBuildConfiguration section */

/* Begin XCConfigurationList section */
		C26519C328EC963F00B651C2 /* Build configuration list for PBXProject "apple pie" */ = {
			isa = XCConfigurationList;
			buildConfigurations = (
				C26519F028EC964100B651C2 /* Debug */,
				C26519F128EC964100B651C2 /* Release */,
			);
			defaultConfigurationIsVisible = 0;
			defaultConfigurationName = Release;
		};
		C26519F228EC964100B651C2 /* Build configuration list for PBXNativeTarget "apple pie" */ = {
			isa = XCConfigurationList;
			buildConfigurations = (
				C26519F328EC964100B651C2 /* Debug */,
				C26519F428EC964100B651C2 /* Release */,
			);
			defaultConfigurationIsVisible = 0;
			defaultConfigurationName = Release;
		};
		C26519F528EC964100B651C2 /* Build configuration list for PBXNativeTarget "apple pieTests" */ = {
			isa = XCConfigurationList;
			buildConfigurations = (
				C26519F628EC964100B651C2 /* Debug */,
				C26519F728EC964100B651C2 /* Release */,
			);
			defaultConfigurationIsVisible = 0;
			defaultConfigurationName = Release;
		};
		C26519F828EC964100B651C2 /* Build configuration list for PBXNativeTarget "apple pieUITests" */ = {
			isa = XCConfigurationList;
			buildConfigurations = (
				C26519F928EC964100B651C2 /* Debug */,
				C26519FA28EC964100B651C2 /* Release */,
			);
			defaultConfigurationIsVisible = 0;
			defaultConfigurationName = Release;
		};
/* End XCConfigurationList section */
	};
	rootObject = C26519C028EC963F00B651C2 /* Project object */;
}
